// !$*UTF8*$!
{
	archiveVersion = 1;
	classes = {
	};
	objectVersion = 55;
	objects = {

/* Begin PBXBuildFile section */
		E106B00829CE78A200B840B1 /* schema.xsd in Resources */ = {isa = PBXBuildFile; fileRef = E106B00729CE78A200B840B1 /* schema.xsd */; };
		E10DDC2F2882DD55003A5C9C /* CGApproach.swift in Sources */ = {isa = PBXBuildFile; fileRef = E10DDC2E2882DD55003A5C9C /* CGApproach.swift */; };
		E10DDC31288342AE003A5C9C /* Displays.swift in Sources */ = {isa = PBXBuildFile; fileRef = E10DDC30288342AE003A5C9C /* Displays.swift */; };
		E117ABAA294513AA00CFF6E8 /* simple2.swift in Sources */ = {isa = PBXBuildFile; fileRef = E117ABA9294513AA00CFF6E8 /* simple2.swift */; };
		E11B739728F3242A005AC2C9 /* PLIST.swift in Sources */ = {isa = PBXBuildFile; fileRef = E11B739628F3242A005AC2C9 /* PLIST.swift */; };
		E11B739928F32476005AC2C9 /* threads.plist in Resources */ = {isa = PBXBuildFile; fileRef = E11B739828F32476005AC2C9 /* threads.plist */; };
		E11B739B28F4C873005AC2C9 /* threadTypes.swift in Sources */ = {isa = PBXBuildFile; fileRef = E11B739A28F4C873005AC2C9 /* threadTypes.swift */; };
		E11B739F28FC987A005AC2C9 /* pricker256.png in Resources */ = {isa = PBXBuildFile; fileRef = E11B739D28FC987A005AC2C9 /* pricker256.png */; };
		E11B73A028FC987A005AC2C9 /* pricker2048.png in Resources */ = {isa = PBXBuildFile; fileRef = E11B739E28FC987A005AC2C9 /* pricker2048.png */; };
		E11B73A328FC98D0005AC2C9 /* pricker128.png in Resources */ = {isa = PBXBuildFile; fileRef = E11B73A128FC98D0005AC2C9 /* pricker128.png */; };
		E11B73A428FC98D0005AC2C9 /* pricker512.png in Resources */ = {isa = PBXBuildFile; fileRef = E11B73A228FC98D0005AC2C9 /* pricker512.png */; };
		E11B73A928FC993A005AC2C9 /* pricker16.png in Resources */ = {isa = PBXBuildFile; fileRef = E11B73A528FC993A005AC2C9 /* pricker16.png */; };
		E11B73AA28FC993A005AC2C9 /* pricker32.png in Resources */ = {isa = PBXBuildFile; fileRef = E11B73A628FC993A005AC2C9 /* pricker32.png */; };
		E11B73AB28FC993A005AC2C9 /* pricker64.png in Resources */ = {isa = PBXBuildFile; fileRef = E11B73A728FC993A005AC2C9 /* pricker64.png */; };
		E11B73AC28FC993A005AC2C9 /* pricker1024.png in Resources */ = {isa = PBXBuildFile; fileRef = E11B73A828FC993A005AC2C9 /* pricker1024.png */; };
		E11EDC08295A687600B8E957 /* points.swift in Sources */ = {isa = PBXBuildFile; fileRef = E11EDC07295A687600B8E957 /* points.swift */; };
		E11EDC0A295A695400B8E957 /* lines.swift in Sources */ = {isa = PBXBuildFile; fileRef = E11EDC09295A695400B8E957 /* lines.swift */; };
		E11EDC0C295A69B400B8E957 /* sizes.swift in Sources */ = {isa = PBXBuildFile; fileRef = E11EDC0B295A69B400B8E957 /* sizes.swift */; };
		E11EDC0E295B4A3100B8E957 /* grid2screen.swift in Sources */ = {isa = PBXBuildFile; fileRef = E11EDC0D295B4A3100B8E957 /* grid2screen.swift */; };
		E11EDC10295B7CE100B8E957 /* LaceSettings.swift in Sources */ = {isa = PBXBuildFile; fileRef = E11EDC0F295B7CE100B8E957 /* LaceSettings.swift */; };
		E11EDC2D2961EAAF00B8E957 /* enumProtocols.swift in Sources */ = {isa = PBXBuildFile; fileRef = E11EDC2C2961EAAF00B8E957 /* enumProtocols.swift */; };
		E125DBD5296B76040088D5CC /* threadListPanel.swift in Sources */ = {isa = PBXBuildFile; fileRef = E125DBD4296B76040088D5CC /* threadListPanel.swift */; };
		E125DBD7296C97230088D5CC /* ThreadList.xib in Resources */ = {isa = PBXBuildFile; fileRef = E125DBD6296C97230088D5CC /* ThreadList.xib */; };
		E135749128135102005D84D6 /* DictionaryExtensions.swift in Sources */ = {isa = PBXBuildFile; fileRef = E135749028135102005D84D6 /* DictionaryExtensions.swift */; };
		E13574962815BE45005D84D6 /* DraingPanel.swift in Sources */ = {isa = PBXBuildFile; fileRef = E13574952815BE45005D84D6 /* DraingPanel.swift */; };
		E135749E28245909005D84D6 /* Log.swift in Sources */ = {isa = PBXBuildFile; fileRef = E135749D28245909005D84D6 /* Log.swift */; };
		E1383BE727F79C93009DEEFA /* AppDelegate.swift in Sources */ = {isa = PBXBuildFile; fileRef = E1383BE627F79C93009DEEFA /* AppDelegate.swift */; };
		E1383BE927F79C96009DEEFA /* Assets.xcassets in Resources */ = {isa = PBXBuildFile; fileRef = E1383BE827F79C96009DEEFA /* Assets.xcassets */; };
		E1383BEC27F79C96009DEEFA /* MainMenu.xib in Resources */ = {isa = PBXBuildFile; fileRef = E1383BEA27F79C96009DEEFA /* MainMenu.xib */; };
		E1383BF427F79F62009DEEFA /* LaceView.swift in Sources */ = {isa = PBXBuildFile; fileRef = E1383BF327F79F62009DEEFA /* LaceView.swift */; };
		E1383BF627F79FC8009DEEFA /* Controller.swift in Sources */ = {isa = PBXBuildFile; fileRef = E1383BF527F79FC8009DEEFA /* Controller.swift */; };
		E1383BF827F8D8D4009DEEFA /* ViewBase.swift in Sources */ = {isa = PBXBuildFile; fileRef = E1383BF727F8D8D4009DEEFA /* ViewBase.swift */; };
		E1383BFA27F9E304009DEEFA /* Grid.swift in Sources */ = {isa = PBXBuildFile; fileRef = E1383BF927F9E304009DEEFA /* Grid.swift */; };
		E1383BFD27F9EF3E009DEEFA /* AppKit.framework in Frameworks */ = {isa = PBXBuildFile; fileRef = E1383BFC27F9EF3E009DEEFA /* AppKit.framework */; };
		E1383C012803787C009DEEFA /* Lines.swift in Sources */ = {isa = PBXBuildFile; fileRef = E1383C002803787C009DEEFA /* Lines.swift */; };
		E1383C05280773AB009DEEFA /* UserDefaults.swift in Sources */ = {isa = PBXBuildFile; fileRef = E1383C04280773AB009DEEFA /* UserDefaults.swift */; };
		E1383C072808AB3D009DEEFA /* pricking.swift in Sources */ = {isa = PBXBuildFile; fileRef = E1383C062808AB3D009DEEFA /* pricking.swift */; };
		E1383C092808DACC009DEEFA /* FilePicker.swift in Sources */ = {isa = PBXBuildFile; fileRef = E1383C082808DACC009DEEFA /* FilePicker.swift */; };
		E1383C0B2809AC30009DEEFA /* filepaths.swift in Sources */ = {isa = PBXBuildFile; fileRef = E1383C0A2809AC30009DEEFA /* filepaths.swift */; };
		E1383C0D2809F267009DEEFA /* defaults.plist in Resources */ = {isa = PBXBuildFile; fileRef = E1383C0C2809F267009DEEFA /* defaults.plist */; };
		E17FBEDC28CB9FAA00408D89 /* viewDefaults.swift in Sources */ = {isa = PBXBuildFile; fileRef = E17FBEDB28CB9FAA00408D89 /* viewDefaults.swift */; };
		E17FBEE628CD3F8D00408D89 /* common.swift in Sources */ = {isa = PBXBuildFile; fileRef = E17FBEE528CD3F8D00408D89 /* common.swift */; };
		E183608D2829C72100414F20 /* Calculator.xib in Resources */ = {isa = PBXBuildFile; fileRef = E183608C2829C72100414F20 /* Calculator.xib */; };
		E183608F282A85FB00414F20 /* Calculator.swift in Sources */ = {isa = PBXBuildFile; fileRef = E183608E282A85FB00414F20 /* Calculator.swift */; };
		E1836093282C0E3200414F20 /* LaceKinds.swift in Sources */ = {isa = PBXBuildFile; fileRef = E1836092282C0E3200414F20 /* LaceKinds.swift */; };
		E1836095282C643100414F20 /* ThreadInfo.swift in Sources */ = {isa = PBXBuildFile; fileRef = E1836094282C643100414F20 /* ThreadInfo.swift */; };
		E1836098282ED3DF00414F20 /* Printers.swift in Sources */ = {isa = PBXBuildFile; fileRef = E1836097282ED3DF00414F20 /* Printers.swift */; };
		E183609A282EF88D00414F20 /* ApplicationServices.framework in Frameworks */ = {isa = PBXBuildFile; fileRef = E1836099282EF88D00414F20 /* ApplicationServices.framework */; };
		E183609F2831B5F400414F20 /* PNG.swift in Sources */ = {isa = PBXBuildFile; fileRef = E183609E2831B5F400414F20 /* PNG.swift */; };
		E18360A12831B60400414F20 /* PDFKit.framework in Frameworks */ = {isa = PBXBuildFile; fileRef = E18360A02831B60400414F20 /* PDFKit.framework */; };
		E18360A32832A2E000414F20 /* ImageIO.framework in Frameworks */ = {isa = PBXBuildFile; fileRef = E18360A22832A2E000414F20 /* ImageIO.framework */; };
		E18360A528384D0500414F20 /* PrintableCG.swift in Sources */ = {isa = PBXBuildFile; fileRef = E18360A428384D0500414F20 /* PrintableCG.swift */; };
		E18360A728384F8600414F20 /* CoreGraphics.framework in Frameworks */ = {isa = PBXBuildFile; fileRef = E18360A628384F8600414F20 /* CoreGraphics.framework */; };
		E18360AB2839978900414F20 /* PrintFromData.swift in Sources */ = {isa = PBXBuildFile; fileRef = E18360AA2839978900414F20 /* PrintFromData.swift */; };
		E18360AD283A6F6700414F20 /* ViewApproach.swift in Sources */ = {isa = PBXBuildFile; fileRef = E18360AC283A6F6700414F20 /* ViewApproach.swift */; };
		E18360AF283A94A300414F20 /* Printing.xib in Resources */ = {isa = PBXBuildFile; fileRef = E18360AE283A94A300414F20 /* Printing.xib */; };
		E18360B1283A950600414F20 /* PrintingPanel.swift in Sources */ = {isa = PBXBuildFile; fileRef = E18360B0283A950600414F20 /* PrintingPanel.swift */; };
		E1947D3F29B52EF4002D5D15 /* files.swift in Sources */ = {isa = PBXBuildFile; fileRef = E1947D3E29B52EF4002D5D15 /* files.swift */; };
		E1BD6A85280E049700430EC4 /* Colours.swift in Sources */ = {isa = PBXBuildFile; fileRef = E1BD6A84280E049700430EC4 /* Colours.swift */; };
		E1BE8ADA29F45A2C0001C6CF /* pmController.swift in Sources */ = {isa = PBXBuildFile; fileRef = E1BE8AD929F45A2C0001C6CF /* pmController.swift */; };
		E1CF9AB9299707E200E8509A /* Atomics in Frameworks */ = {isa = PBXBuildFile; productRef = E1CF9AB8299707E200E8509A /* Atomics */; };
		E1D51F3C280B383D00995497 /* Preferences.xib in Resources */ = {isa = PBXBuildFile; fileRef = E1D51F3B280B383D00995497 /* Preferences.xib */; };
		E1D51F3E280B3C1B00995497 /* SettingsController.swift in Sources */ = {isa = PBXBuildFile; fileRef = E1D51F3D280B3C1B00995497 /* SettingsController.swift */; };
		E1D51F40280B3C8F00995497 /* Launchable.swift in Sources */ = {isa = PBXBuildFile; fileRef = E1D51F3F280B3C8F00995497 /* Launchable.swift */; };
		E1D72232297D8881005A1BBF /* startup.xib in Resources */ = {isa = PBXBuildFile; fileRef = E1D72231297D8881005A1BBF /* startup.xib */; };
		E1D72234297D8D4E005A1BBF /* RectangularButton.swift in Sources */ = {isa = PBXBuildFile; fileRef = E1D72233297D8D4E005A1BBF /* RectangularButton.swift */; };
		E1D72236297DED89005A1BBF /* popoverProtocol.swift in Sources */ = {isa = PBXBuildFile; fileRef = E1D72235297DED89005A1BBF /* popoverProtocol.swift */; };
		E1D98FD729FD9AC900027208 /* codablePricking.swift in Sources */ = {isa = PBXBuildFile; fileRef = E1D98FD629FD9AC900027208 /* codablePricking.swift */; };
		E1D98FE029FEFC6400027208 /* CreatePrickingView.swift in Sources */ = {isa = PBXBuildFile; fileRef = E1D98FDF29FEFC6400027208 /* CreatePrickingView.swift */; };
		E1D98FE229FEFEC300027208 /* CreatePrickingWindow.xib in Resources */ = {isa = PBXBuildFile; fileRef = E1D98FE129FEFEC300027208 /* CreatePrickingWindow.xib */; };
		E1DF65A42A01C44D00395C4F /* prickingSpecifier.swift in Sources */ = {isa = PBXBuildFile; fileRef = E1DF65A32A01C44D00395C4F /* prickingSpecifier.swift */; };
		E1DFD09B2932DC690075D971 /* decodable.swift in Sources */ = {isa = PBXBuildFile; fileRef = E1DFD09A2932DC690075D971 /* decodable.swift */; };
		E1DFD09E293802DD0075D971 /* enums.swift in Sources */ = {isa = PBXBuildFile; fileRef = E1DFD09D293802DD0075D971 /* enums.swift */; };
		E1E3BCA62A6D9E1600DF6821 /* Files.swift in Sources */ = {isa = PBXBuildFile; fileRef = E1E3BCA52A6D9E1600DF6821 /* Files.swift */; };
		E1E3BCA92A708D9500DF6821 /* LaceAppModel.xcdatamodeld in Sources */ = {isa = PBXBuildFile; fileRef = E1E3BCA72A708D9500DF6821 /* LaceAppModel.xcdatamodeld */; };
		E1E3BCAB2A71786800DF6821 /* types.swift in Sources */ = {isa = PBXBuildFile; fileRef = E1E3BCAA2A71786800DF6821 /* types.swift */; };
		E1E3BCAD2A71D77A00DF6821 /* dataTypes.swift in Sources */ = {isa = PBXBuildFile; fileRef = E1E3BCAC2A71D77A00DF6821 /* dataTypes.swift */; };
		E1E3BCAF2A72CFAD00DF6821 /* prickings.swift in Sources */ = {isa = PBXBuildFile; fileRef = E1E3BCAE2A72CFAD00DF6821 /* prickings.swift */; };
		E1E3BCB12A72CFE800DF6821 /* layers.swift in Sources */ = {isa = PBXBuildFile; fileRef = E1E3BCB02A72CFE800DF6821 /* layers.swift */; };
		E1E3BCB32A72D02F00DF6821 /* lines_CD.swift in Sources */ = {isa = PBXBuildFile; fileRef = E1E3BCB22A72D02F00DF6821 /* lines_CD.swift */; };
		E1E3BCB52A73310F00DF6821 /* grids.swift in Sources */ = {isa = PBXBuildFile; fileRef = E1E3BCB42A73310F00DF6821 /* grids.swift */; };
		E1E3BCB62A733BB500DF6821 /* CoreData.framework in Frameworks */ = {isa = PBXBuildFile; fileRef = E13574A72826E39A005D84D6 /* CoreData.framework */; };
		E1E731B42972B23800C4B850 /* Combine.framework in Frameworks */ = {isa = PBXBuildFile; fileRef = E1E731B32972B23800C4B850 /* Combine.framework */; };
		E1EBD81A283D7A9900D8E10C /* NSSizeExtensions.swift in Sources */ = {isa = PBXBuildFile; fileRef = E1EBD819283D7A9900D8E10C /* NSSizeExtensions.swift */; };
		E1EBD81C284149A200D8E10C /* Calc.swift in Sources */ = {isa = PBXBuildFile; fileRef = E1EBD81B284149A200D8E10C /* Calc.swift */; };
		E1EBD81E2844021500D8E10C /* Errors.swift in Sources */ = {isa = PBXBuildFile; fileRef = E1EBD81D2844021500D8E10C /* Errors.swift */; };
		E1F525DE29F08E710032D4E3 /* Trivalent.swift in Sources */ = {isa = PBXBuildFile; fileRef = E1F525DD29F08E710032D4E3 /* Trivalent.swift */; };
		E1F88F832A1177830024BE81 /* BitArray in Frameworks */ = {isa = PBXBuildFile; productRef = E1F88F822A1177830024BE81 /* BitArray */; };
/* End PBXBuildFile section */

/* Begin PBXFileReference section */
		E106B00729CE78A200B840B1 /* schema.xsd */ = {isa = PBXFileReference; fileEncoding = 4; lastKnownFileType = text.xml; path = schema.xsd; sourceTree = "<group>"; };
		E10DDC262879CF65003A5C9C /* threads.json */ = {isa = PBXFileReference; lastKnownFileType = text.json; path = threads.json; sourceTree = "<group>"; };
		E10DDC282879E53A003A5C9C /* JSON.swift */ = {isa = PBXFileReference; lastKnownFileType = sourcecode.swift; path = JSON.swift; sourceTree = "<group>"; };
		E10DDC2A287B1E90003A5C9C /* threads.csv */ = {isa = PBXFileReference; lastKnownFileType = text; path = threads.csv; sourceTree = "<group>"; };
		E10DDC2C287B222D003A5C9C /* CSV.swift */ = {isa = PBXFileReference; lastKnownFileType = sourcecode.swift; path = CSV.swift; sourceTree = "<group>"; };
		E10DDC2E2882DD55003A5C9C /* CGApproach.swift */ = {isa = PBXFileReference; lastKnownFileType = sourcecode.swift; path = CGApproach.swift; sourceTree = "<group>"; };
		E10DDC30288342AE003A5C9C /* Displays.swift */ = {isa = PBXFileReference; lastKnownFileType = sourcecode.swift; path = Displays.swift; sourceTree = "<group>"; };
		E117ABA9294513AA00CFF6E8 /* simple2.swift */ = {isa = PBXFileReference; lastKnownFileType = sourcecode.swift; path = simple2.swift; sourceTree = "<group>"; };
		E11B739628F3242A005AC2C9 /* PLIST.swift */ = {isa = PBXFileReference; lastKnownFileType = sourcecode.swift; path = PLIST.swift; sourceTree = "<group>"; };
		E11B739828F32476005AC2C9 /* threads.plist */ = {isa = PBXFileReference; lastKnownFileType = text.plist.xml; path = threads.plist; sourceTree = "<group>"; };
		E11B739A28F4C873005AC2C9 /* threadTypes.swift */ = {isa = PBXFileReference; lastKnownFileType = sourcecode.swift; path = threadTypes.swift; sourceTree = "<group>"; };
		E11B739D28FC987A005AC2C9 /* pricker256.png */ = {isa = PBXFileReference; lastKnownFileType = image.png; name = pricker256.png; path = lace/Assets.xcassets/pricker256.png; sourceTree = "<group>"; };
		E11B739E28FC987A005AC2C9 /* pricker2048.png */ = {isa = PBXFileReference; lastKnownFileType = image.png; name = pricker2048.png; path = lace/Assets.xcassets/pricker2048.png; sourceTree = "<group>"; };
		E11B73A128FC98D0005AC2C9 /* pricker128.png */ = {isa = PBXFileReference; lastKnownFileType = image.png; name = pricker128.png; path = lace/Assets.xcassets/pricker128.png; sourceTree = "<group>"; };
		E11B73A228FC98D0005AC2C9 /* pricker512.png */ = {isa = PBXFileReference; lastKnownFileType = image.png; name = pricker512.png; path = lace/Assets.xcassets/pricker512.png; sourceTree = "<group>"; };
		E11B73A528FC993A005AC2C9 /* pricker16.png */ = {isa = PBXFileReference; lastKnownFileType = image.png; name = pricker16.png; path = lace/Assets.xcassets/pricker16.png; sourceTree = "<group>"; };
		E11B73A628FC993A005AC2C9 /* pricker32.png */ = {isa = PBXFileReference; lastKnownFileType = image.png; name = pricker32.png; path = lace/Assets.xcassets/pricker32.png; sourceTree = "<group>"; };
		E11B73A728FC993A005AC2C9 /* pricker64.png */ = {isa = PBXFileReference; lastKnownFileType = image.png; name = pricker64.png; path = lace/Assets.xcassets/pricker64.png; sourceTree = "<group>"; };
		E11B73A828FC993A005AC2C9 /* pricker1024.png */ = {isa = PBXFileReference; lastKnownFileType = image.png; name = pricker1024.png; path = lace/Assets.xcassets/pricker1024.png; sourceTree = "<group>"; };
		E11EDC07295A687600B8E957 /* points.swift */ = {isa = PBXFileReference; lastKnownFileType = sourcecode.swift; path = points.swift; sourceTree = "<group>"; };
		E11EDC09295A695400B8E957 /* lines.swift */ = {isa = PBXFileReference; lastKnownFileType = sourcecode.swift; path = lines.swift; sourceTree = "<group>"; };
		E11EDC0B295A69B400B8E957 /* sizes.swift */ = {isa = PBXFileReference; lastKnownFileType = sourcecode.swift; path = sizes.swift; sourceTree = "<group>"; };
		E11EDC0D295B4A3100B8E957 /* grid2screen.swift */ = {isa = PBXFileReference; lastKnownFileType = sourcecode.swift; path = grid2screen.swift; sourceTree = "<group>"; };
		E11EDC0F295B7CE100B8E957 /* LaceSettings.swift */ = {isa = PBXFileReference; lastKnownFileType = sourcecode.swift; path = LaceSettings.swift; sourceTree = "<group>"; };
		E11EDC2C2961EAAF00B8E957 /* enumProtocols.swift */ = {isa = PBXFileReference; lastKnownFileType = sourcecode.swift; path = enumProtocols.swift; sourceTree = "<group>"; };
		E125DBD4296B76040088D5CC /* threadListPanel.swift */ = {isa = PBXFileReference; lastKnownFileType = sourcecode.swift; path = threadListPanel.swift; sourceTree = "<group>"; };
		E125DBD6296C97230088D5CC /* ThreadList.xib */ = {isa = PBXFileReference; lastKnownFileType = file.xib; path = ThreadList.xib; sourceTree = "<group>"; };
		E135749028135102005D84D6 /* DictionaryExtensions.swift */ = {isa = PBXFileReference; lastKnownFileType = sourcecode.swift; path = DictionaryExtensions.swift; sourceTree = "<group>"; };
		E13574952815BE45005D84D6 /* DraingPanel.swift */ = {isa = PBXFileReference; lastKnownFileType = sourcecode.swift; path = DraingPanel.swift; sourceTree = "<group>"; };
		E135749D28245909005D84D6 /* Log.swift */ = {isa = PBXFileReference; lastKnownFileType = sourcecode.swift; path = Log.swift; sourceTree = "<group>"; };
		E13574A72826E39A005D84D6 /* CoreData.framework */ = {isa = PBXFileReference; lastKnownFileType = wrapper.framework; name = CoreData.framework; path = System/Library/Frameworks/CoreData.framework; sourceTree = SDKROOT; };
		E13574A928270BE2005D84D6 /* threads.xml */ = {isa = PBXFileReference; lastKnownFileType = text.xml; path = threads.xml; sourceTree = "<group>"; };
		E1383BE327F79C93009DEEFA /* lace.app */ = {isa = PBXFileReference; explicitFileType = wrapper.application; includeInIndex = 0; path = lace.app; sourceTree = BUILT_PRODUCTS_DIR; };
		E1383BE627F79C93009DEEFA /* AppDelegate.swift */ = {isa = PBXFileReference; lastKnownFileType = sourcecode.swift; path = AppDelegate.swift; sourceTree = "<group>"; };
		E1383BE827F79C96009DEEFA /* Assets.xcassets */ = {isa = PBXFileReference; lastKnownFileType = folder.assetcatalog; path = Assets.xcassets; sourceTree = "<group>"; };
		E1383BEB27F79C96009DEEFA /* Base */ = {isa = PBXFileReference; lastKnownFileType = file.xib; name = Base; path = Base.lproj/MainMenu.xib; sourceTree = "<group>"; };
		E1383BED27F79C96009DEEFA /* lace.entitlements */ = {isa = PBXFileReference; lastKnownFileType = text.plist.entitlements; path = lace.entitlements; sourceTree = "<group>"; };
		E1383BF327F79F62009DEEFA /* LaceView.swift */ = {isa = PBXFileReference; lastKnownFileType = sourcecode.swift; path = LaceView.swift; sourceTree = "<group>"; };
		E1383BF527F79FC8009DEEFA /* Controller.swift */ = {isa = PBXFileReference; lastKnownFileType = sourcecode.swift; path = Controller.swift; sourceTree = "<group>"; };
		E1383BF727F8D8D4009DEEFA /* ViewBase.swift */ = {isa = PBXFileReference; lastKnownFileType = sourcecode.swift; path = ViewBase.swift; sourceTree = "<group>"; };
		E1383BF927F9E304009DEEFA /* Grid.swift */ = {isa = PBXFileReference; lastKnownFileType = sourcecode.swift; path = Grid.swift; sourceTree = "<group>"; };
		E1383BFC27F9EF3E009DEEFA /* AppKit.framework */ = {isa = PBXFileReference; lastKnownFileType = wrapper.framework; name = AppKit.framework; path = System/Library/Frameworks/AppKit.framework; sourceTree = SDKROOT; };
		E1383C002803787C009DEEFA /* Lines.swift */ = {isa = PBXFileReference; lastKnownFileType = sourcecode.swift; name = Lines.swift; path = ../../Structures/Lines.swift; sourceTree = "<group>"; };
		E1383C04280773AB009DEEFA /* UserDefaults.swift */ = {isa = PBXFileReference; lastKnownFileType = sourcecode.swift; path = UserDefaults.swift; sourceTree = "<group>"; };
		E1383C062808AB3D009DEEFA /* pricking.swift */ = {isa = PBXFileReference; lastKnownFileType = sourcecode.swift; path = pricking.swift; sourceTree = "<group>"; };
		E1383C082808DACC009DEEFA /* FilePicker.swift */ = {isa = PBXFileReference; lastKnownFileType = sourcecode.swift; path = FilePicker.swift; sourceTree = "<group>"; };
		E1383C0A2809AC30009DEEFA /* filepaths.swift */ = {isa = PBXFileReference; lastKnownFileType = sourcecode.swift; path = filepaths.swift; sourceTree = "<group>"; };
		E1383C0C2809F267009DEEFA /* defaults.plist */ = {isa = PBXFileReference; lastKnownFileType = text.plist.xml; path = defaults.plist; sourceTree = "<group>"; };
		E17FBEDB28CB9FAA00408D89 /* viewDefaults.swift */ = {isa = PBXFileReference; lastKnownFileType = sourcecode.swift; path = viewDefaults.swift; sourceTree = "<group>"; };
		E17FBEE528CD3F8D00408D89 /* common.swift */ = {isa = PBXFileReference; lastKnownFileType = sourcecode.swift; path = common.swift; sourceTree = "<group>"; };
		E18360872828036900414F20 /* libsqlite3.tbd */ = {isa = PBXFileReference; lastKnownFileType = "sourcecode.text-based-dylib-definition"; name = libsqlite3.tbd; path = usr/lib/libsqlite3.tbd; sourceTree = SDKROOT; };
		E18360892828555A00414F20 /* threads.db */ = {isa = PBXFileReference; lastKnownFileType = file; path = threads.db; sourceTree = "<group>"; };
		E183608C2829C72100414F20 /* Calculator.xib */ = {isa = PBXFileReference; lastKnownFileType = file.xib; path = Calculator.xib; sourceTree = "<group>"; };
		E183608E282A85FB00414F20 /* Calculator.swift */ = {isa = PBXFileReference; lastKnownFileType = sourcecode.swift; path = Calculator.swift; sourceTree = "<group>"; };
		E1836092282C0E3200414F20 /* LaceKinds.swift */ = {isa = PBXFileReference; lastKnownFileType = sourcecode.swift; path = LaceKinds.swift; sourceTree = "<group>"; };
		E1836094282C643100414F20 /* ThreadInfo.swift */ = {isa = PBXFileReference; lastKnownFileType = sourcecode.swift; path = ThreadInfo.swift; sourceTree = "<group>"; };
		E1836097282ED3DF00414F20 /* Printers.swift */ = {isa = PBXFileReference; lastKnownFileType = sourcecode.swift; path = Printers.swift; sourceTree = "<group>"; };
		E1836099282EF88D00414F20 /* ApplicationServices.framework */ = {isa = PBXFileReference; lastKnownFileType = wrapper.framework; name = ApplicationServices.framework; path = System/Library/Frameworks/ApplicationServices.framework; sourceTree = SDKROOT; };
		E183609E2831B5F400414F20 /* PNG.swift */ = {isa = PBXFileReference; lastKnownFileType = sourcecode.swift; path = PNG.swift; sourceTree = "<group>"; };
		E18360A02831B60400414F20 /* PDFKit.framework */ = {isa = PBXFileReference; lastKnownFileType = wrapper.framework; name = PDFKit.framework; path = System/Library/Frameworks/PDFKit.framework; sourceTree = SDKROOT; };
		E18360A22832A2E000414F20 /* ImageIO.framework */ = {isa = PBXFileReference; lastKnownFileType = wrapper.framework; name = ImageIO.framework; path = System/Library/Frameworks/ImageIO.framework; sourceTree = SDKROOT; };
		E18360A428384D0500414F20 /* PrintableCG.swift */ = {isa = PBXFileReference; lastKnownFileType = sourcecode.swift; path = PrintableCG.swift; sourceTree = "<group>"; };
		E18360A628384F8600414F20 /* CoreGraphics.framework */ = {isa = PBXFileReference; lastKnownFileType = wrapper.framework; name = CoreGraphics.framework; path = System/Library/Frameworks/CoreGraphics.framework; sourceTree = SDKROOT; };
		E18360A82839823B00414F20 /* ImageTest.swift */ = {isa = PBXFileReference; lastKnownFileType = sourcecode.swift; path = ImageTest.swift; sourceTree = "<group>"; };
		E18360AA2839978900414F20 /* PrintFromData.swift */ = {isa = PBXFileReference; lastKnownFileType = sourcecode.swift; path = PrintFromData.swift; sourceTree = "<group>"; };
		E18360AC283A6F6700414F20 /* ViewApproach.swift */ = {isa = PBXFileReference; lastKnownFileType = sourcecode.swift; path = ViewApproach.swift; sourceTree = "<group>"; };
		E18360AE283A94A300414F20 /* Printing.xib */ = {isa = PBXFileReference; lastKnownFileType = file.xib; path = Printing.xib; sourceTree = "<group>"; };
		E18360B0283A950600414F20 /* PrintingPanel.swift */ = {isa = PBXFileReference; lastKnownFileType = sourcecode.swift; path = PrintingPanel.swift; sourceTree = "<group>"; };
		E1947D3E29B52EF4002D5D15 /* files.swift */ = {isa = PBXFileReference; lastKnownFileType = sourcecode.swift; path = files.swift; sourceTree = "<group>"; };
		E1BD6A84280E049700430EC4 /* Colours.swift */ = {isa = PBXFileReference; lastKnownFileType = sourcecode.swift; path = Colours.swift; sourceTree = "<group>"; };
		E1BE8AD929F45A2C0001C6CF /* pmController.swift */ = {isa = PBXFileReference; lastKnownFileType = sourcecode.swift; path = pmController.swift; sourceTree = "<group>"; };
		E1D51F3B280B383D00995497 /* Preferences.xib */ = {isa = PBXFileReference; lastKnownFileType = file.xib; path = Preferences.xib; sourceTree = "<group>"; };
		E1D51F3D280B3C1B00995497 /* SettingsController.swift */ = {isa = PBXFileReference; lastKnownFileType = sourcecode.swift; path = SettingsController.swift; sourceTree = "<group>"; };
		E1D51F3F280B3C8F00995497 /* Launchable.swift */ = {isa = PBXFileReference; lastKnownFileType = sourcecode.swift; path = Launchable.swift; sourceTree = "<group>"; };
		E1D72231297D8881005A1BBF /* startup.xib */ = {isa = PBXFileReference; lastKnownFileType = file.xib; path = startup.xib; sourceTree = "<group>"; };
		E1D72233297D8D4E005A1BBF /* RectangularButton.swift */ = {isa = PBXFileReference; lastKnownFileType = sourcecode.swift; path = RectangularButton.swift; sourceTree = "<group>"; };
		E1D72235297DED89005A1BBF /* popoverProtocol.swift */ = {isa = PBXFileReference; lastKnownFileType = sourcecode.swift; path = popoverProtocol.swift; sourceTree = "<group>"; };
		E1D98FD629FD9AC900027208 /* codablePricking.swift */ = {isa = PBXFileReference; lastKnownFileType = sourcecode.swift; path = codablePricking.swift; sourceTree = "<group>"; };
		E1D98FDF29FEFC6400027208 /* CreatePrickingView.swift */ = {isa = PBXFileReference; lastKnownFileType = sourcecode.swift; path = CreatePrickingView.swift; sourceTree = "<group>"; };
		E1D98FE129FEFEC300027208 /* CreatePrickingWindow.xib */ = {isa = PBXFileReference; lastKnownFileType = file.xib; path = CreatePrickingWindow.xib; sourceTree = "<group>"; };
		E1DF65A32A01C44D00395C4F /* prickingSpecifier.swift */ = {isa = PBXFileReference; lastKnownFileType = sourcecode.swift; path = prickingSpecifier.swift; sourceTree = "<group>"; };
		E1DFD09A2932DC690075D971 /* decodable.swift */ = {isa = PBXFileReference; lastKnownFileType = sourcecode.swift; path = decodable.swift; sourceTree = "<group>"; };
		E1DFD09D293802DD0075D971 /* enums.swift */ = {isa = PBXFileReference; lastKnownFileType = sourcecode.swift; path = enums.swift; sourceTree = "<group>"; };
		E1E3BCA52A6D9E1600DF6821 /* Files.swift */ = {isa = PBXFileReference; lastKnownFileType = sourcecode.swift; path = Files.swift; sourceTree = "<group>"; };
		E1E3BCA82A708D9500DF6821 /* LaceAppModel.xcdatamodel */ = {isa = PBXFileReference; lastKnownFileType = wrapper.xcdatamodel; path = LaceAppModel.xcdatamodel; sourceTree = "<group>"; };
		E1E3BCAA2A71786800DF6821 /* types.swift */ = {isa = PBXFileReference; lastKnownFileType = sourcecode.swift; path = types.swift; sourceTree = "<group>"; };
		E1E3BCAC2A71D77A00DF6821 /* dataTypes.swift */ = {isa = PBXFileReference; lastKnownFileType = sourcecode.swift; path = dataTypes.swift; sourceTree = "<group>"; };
		E1E3BCAE2A72CFAD00DF6821 /* prickings.swift */ = {isa = PBXFileReference; lastKnownFileType = sourcecode.swift; path = prickings.swift; sourceTree = "<group>"; };
		E1E3BCB02A72CFE800DF6821 /* layers.swift */ = {isa = PBXFileReference; lastKnownFileType = sourcecode.swift; path = layers.swift; sourceTree = "<group>"; };
		E1E3BCB22A72D02F00DF6821 /* lines_CD.swift */ = {isa = PBXFileReference; lastKnownFileType = sourcecode.swift; path = lines_CD.swift; sourceTree = "<group>"; };
		E1E3BCB42A73310F00DF6821 /* grids.swift */ = {isa = PBXFileReference; lastKnownFileType = sourcecode.swift; path = grids.swift; sourceTree = "<group>"; };
		E1E3BCD62A7424C500DF6821 /* SwiftUI.framework */ = {isa = PBXFileReference; lastKnownFileType = wrapper.framework; name = SwiftUI.framework; path = System/Library/Frameworks/SwiftUI.framework; sourceTree = SDKROOT; };
		E1E731B32972B23800C4B850 /* Combine.framework */ = {isa = PBXFileReference; lastKnownFileType = wrapper.framework; name = Combine.framework; path = System/Library/Frameworks/Combine.framework; sourceTree = SDKROOT; };
		E1EBD819283D7A9900D8E10C /* NSSizeExtensions.swift */ = {isa = PBXFileReference; lastKnownFileType = sourcecode.swift; path = NSSizeExtensions.swift; sourceTree = "<group>"; };
		E1EBD81B284149A200D8E10C /* Calc.swift */ = {isa = PBXFileReference; lastKnownFileType = sourcecode.swift; path = Calc.swift; sourceTree = "<group>"; };
		E1EBD81D2844021500D8E10C /* Errors.swift */ = {isa = PBXFileReference; lastKnownFileType = sourcecode.swift; path = Errors.swift; sourceTree = "<group>"; };
		E1F525DD29F08E710032D4E3 /* Trivalent.swift */ = {isa = PBXFileReference; lastKnownFileType = sourcecode.swift; path = Trivalent.swift; sourceTree = "<group>"; };
/* End PBXFileReference section */

/* Begin PBXFrameworksBuildPhase section */
		E1383BE027F79C93009DEEFA /* Frameworks */ = {
			isa = PBXFrameworksBuildPhase;
			buildActionMask = 2147483647;
			files = (
				E18360A728384F8600414F20 /* CoreGraphics.framework in Frameworks */,
				E1E3BCB62A733BB500DF6821 /* CoreData.framework in Frameworks */,
				E183609A282EF88D00414F20 /* ApplicationServices.framework in Frameworks */,
				E18360A12831B60400414F20 /* PDFKit.framework in Frameworks */,
				E1383BFD27F9EF3E009DEEFA /* AppKit.framework in Frameworks */,
				E1E731B42972B23800C4B850 /* Combine.framework in Frameworks */,
				E18360A32832A2E000414F20 /* ImageIO.framework in Frameworks */,
				E1CF9AB9299707E200E8509A /* Atomics in Frameworks */,
				E1F88F832A1177830024BE81 /* BitArray in Frameworks */,
			);
			runOnlyForDeploymentPostprocessing = 0;
		};
/* End PBXFrameworksBuildPhase section */

/* Begin PBXGroup section */
		E106B00629CE6C5900B840B1 /* xml */ = {
			isa = PBXGroup;
			children = (
				E106B00729CE78A200B840B1 /* schema.xsd */,
			);
			path = xml;
			sourceTree = "<group>";
		};
		E11EDC06295A685500B8E957 /* Persist */ = {
			isa = PBXGroup;
			children = (
				E1383C062808AB3D009DEEFA /* pricking.swift */,
				E1383C002803787C009DEEFA /* Lines.swift */,
				E1383BF927F9E304009DEEFA /* Grid.swift */,
				E11EDC07295A687600B8E957 /* points.swift */,
				E11EDC09295A695400B8E957 /* lines.swift */,
				E11EDC0B295A69B400B8E957 /* sizes.swift */,
				E11EDC0D295B4A3100B8E957 /* grid2screen.swift */,
				E1D98FD629FD9AC900027208 /* codablePricking.swift */,
			);
			path = Persist;
			sourceTree = "<group>";
		};
		E122A67E29F847FF00DF98D6 /* ProjectManagerView */ = {
			isa = PBXGroup;
			children = (
				E1D98FDF29FEFC6400027208 /* CreatePrickingView.swift */,
				E1D98FE129FEFEC300027208 /* CreatePrickingWindow.xib */,
				E1D72235297DED89005A1BBF /* popoverProtocol.swift */,
				E1BE8AD929F45A2C0001C6CF /* pmController.swift */,
				E1DF65A32A01C44D00395C4F /* prickingSpecifier.swift */,
			);
			path = ProjectManagerView;
			sourceTree = "<group>";
		};
		E13574A42826E36E005D84D6 /* Data */ = {
			isa = PBXGroup;
			children = (
				E10DDC282879E53A003A5C9C /* JSON.swift */,
				E10DDC2C287B222D003A5C9C /* CSV.swift */,
				E11B739628F3242A005AC2C9 /* PLIST.swift */,
				E11B739A28F4C873005AC2C9 /* threadTypes.swift */,
			);
			path = Data;
			sourceTree = "<group>";
		};
		E1383BDA27F79C93009DEEFA = {
			isa = PBXGroup;
			children = (
				E106B00629CE6C5900B840B1 /* xml */,
				E1D72233297D8D4E005A1BBF /* RectangularButton.swift */,
				E1E731B22972A7BC00C4B850 /* images */,
				E11B739828F32476005AC2C9 /* threads.plist */,
				E10DDC2A287B1E90003A5C9C /* threads.csv */,
				E10DDC262879CF65003A5C9C /* threads.json */,
				E18360892828555A00414F20 /* threads.db */,
				E13574A928270BE2005D84D6 /* threads.xml */,
				E1383C0C2809F267009DEEFA /* defaults.plist */,
				E1383BE527F79C93009DEEFA /* lace */,
				E1383BE427F79C93009DEEFA /* Products */,
				E1383BFB27F9EF3E009DEEFA /* Frameworks */,
			);
			sourceTree = "<group>";
		};
		E1383BE427F79C93009DEEFA /* Products */ = {
			isa = PBXGroup;
			children = (
				E1383BE327F79C93009DEEFA /* lace.app */,
			);
			name = Products;
			sourceTree = "<group>";
		};
		E1383BE527F79C93009DEEFA /* lace */ = {
			isa = PBXGroup;
			children = (
				E1E3BCD82A74565D00DF6821 /* Views */,
				E122A67E29F847FF00DF98D6 /* ProjectManagerView */,
				E1947D4029C3D5C0002D5D15 /* Persistence */,
				E1CF9AA52988821700E8509A /* Saving */,
				E1DFD0992932DC0F0075D971 /* UUtils */,
				E1836096282ED3C500414F20 /* Printing */,
				E13574A42826E36E005D84D6 /* Data */,
				E1383C032807738B009DEEFA /* Settings */,
				E1383BE627F79C93009DEEFA /* AppDelegate.swift */,
				E1383BE827F79C96009DEEFA /* Assets.xcassets */,
				E1383BEA27F79C96009DEEFA /* MainMenu.xib */,
				E1383BED27F79C96009DEEFA /* lace.entitlements */,
				E1383C0228037893009DEEFA /* Structures */,
				E1383C082808DACC009DEEFA /* FilePicker.swift */,
			);
			path = lace;
			sourceTree = "<group>";
		};
		E1383BFB27F9EF3E009DEEFA /* Frameworks */ = {
			isa = PBXGroup;
			children = (
				E1E3BCD62A7424C500DF6821 /* SwiftUI.framework */,
				E1E731B32972B23800C4B850 /* Combine.framework */,
				E18360A628384F8600414F20 /* CoreGraphics.framework */,
				E18360A22832A2E000414F20 /* ImageIO.framework */,
				E18360A02831B60400414F20 /* PDFKit.framework */,
				E1836099282EF88D00414F20 /* ApplicationServices.framework */,
				E18360872828036900414F20 /* libsqlite3.tbd */,
				E13574A72826E39A005D84D6 /* CoreData.framework */,
				E1383BFC27F9EF3E009DEEFA /* AppKit.framework */,
			);
			name = Frameworks;
			sourceTree = "<group>";
		};
		E1383C0228037893009DEEFA /* Structures */ = {
			isa = PBXGroup;
			children = (
			);
			path = Structures;
			sourceTree = "<group>";
		};
		E1383C032807738B009DEEFA /* Settings */ = {
			isa = PBXGroup;
			children = (
				E11EDC06295A685500B8E957 /* Persist */,
				E1DFD09C2938016F0075D971 /* Default System */,
				E17FBEE428CD3F6400408D89 /* LaceView */,
				E1D51F3B280B383D00995497 /* Preferences.xib */,
				E1D51F3D280B3C1B00995497 /* SettingsController.swift */,
				E13574952815BE45005D84D6 /* DraingPanel.swift */,
				E17FBEDB28CB9FAA00408D89 /* viewDefaults.swift */,
				E11EDC0F295B7CE100B8E957 /* LaceSettings.swift */,
			);
			path = Settings;
			sourceTree = "<group>";
		};
		E17FBEE428CD3F6400408D89 /* LaceView */ = {
			isa = PBXGroup;
			children = (
				E1BD6A84280E049700430EC4 /* Colours.swift */,
			);
			path = LaceView;
			sourceTree = "<group>";
		};
		E183608B2829C6F100414F20 /* Calculator */ = {
			isa = PBXGroup;
			children = (
				E183608C2829C72100414F20 /* Calculator.xib */,
				E183608E282A85FB00414F20 /* Calculator.swift */,
				E1836092282C0E3200414F20 /* LaceKinds.swift */,
				E1836094282C643100414F20 /* ThreadInfo.swift */,
				E1EBD81B284149A200D8E10C /* Calc.swift */,
			);
			path = Calculator;
			sourceTree = "<group>";
		};
		E1836096282ED3C500414F20 /* Printing */ = {
			isa = PBXGroup;
			children = (
				E1836097282ED3DF00414F20 /* Printers.swift */,
				E183609E2831B5F400414F20 /* PNG.swift */,
				E18360A428384D0500414F20 /* PrintableCG.swift */,
				E18360A82839823B00414F20 /* ImageTest.swift */,
				E18360AA2839978900414F20 /* PrintFromData.swift */,
				E18360AC283A6F6700414F20 /* ViewApproach.swift */,
				E18360AE283A94A300414F20 /* Printing.xib */,
				E18360B0283A950600414F20 /* PrintingPanel.swift */,
				E10DDC2E2882DD55003A5C9C /* CGApproach.swift */,
				E10DDC30288342AE003A5C9C /* Displays.swift */,
			);
			path = Printing;
			sourceTree = "<group>";
		};
		E1947D4029C3D5C0002D5D15 /* Persistence */ = {
			isa = PBXGroup;
			children = (
				E1BAC01E2A099BB7005DA5E7 /* DataModel */,
				E1F525DD29F08E710032D4E3 /* Trivalent.swift */,
				E1E3BCA52A6D9E1600DF6821 /* Files.swift */,
			);
			path = Persistence;
			sourceTree = "<group>";
		};
		E1BAC01E2A099BB7005DA5E7 /* DataModel */ = {
			isa = PBXGroup;
			children = (
				E1E3BCA72A708D9500DF6821 /* LaceAppModel.xcdatamodeld */,
				E1E3BCAA2A71786800DF6821 /* types.swift */,
				E1E3BCAC2A71D77A00DF6821 /* dataTypes.swift */,
				E1E3BCAE2A72CFAD00DF6821 /* prickings.swift */,
				E1E3BCB02A72CFE800DF6821 /* layers.swift */,
				E1E3BCB22A72D02F00DF6821 /* lines_CD.swift */,
				E1E3BCB42A73310F00DF6821 /* grids.swift */,
			);
			path = DataModel;
			sourceTree = "<group>";
		};
		E1CF9AA52988821700E8509A /* Saving */ = {
			isa = PBXGroup;
			children = (
				E1947D3E29B52EF4002D5D15 /* files.swift */,
			);
			path = Saving;
			sourceTree = "<group>";
		};
		E1DFD0992932DC0F0075D971 /* UUtils */ = {
			isa = PBXGroup;
			children = (
				E135749028135102005D84D6 /* DictionaryExtensions.swift */,
				E1EBD819283D7A9900D8E10C /* NSSizeExtensions.swift */,
				E1D51F3F280B3C8F00995497 /* Launchable.swift */,
				E135749D28245909005D84D6 /* Log.swift */,
				E1EBD81D2844021500D8E10C /* Errors.swift */,
			);
			path = UUtils;
			sourceTree = "<group>";
		};
		E1DFD09C2938016F0075D971 /* Default System */ = {
			isa = PBXGroup;
			children = (
				E1383C0A2809AC30009DEEFA /* filepaths.swift */,
				E1DFD09A2932DC690075D971 /* decodable.swift */,
				E17FBEE528CD3F8D00408D89 /* common.swift */,
				E1383C04280773AB009DEEFA /* UserDefaults.swift */,
				E1DFD09D293802DD0075D971 /* enums.swift */,
				E117ABA9294513AA00CFF6E8 /* simple2.swift */,
				E11EDC2C2961EAAF00B8E957 /* enumProtocols.swift */,
			);
			path = "Default System";
			sourceTree = "<group>";
		};
		E1E3BCD82A74565D00DF6821 /* Views */ = {
			isa = PBXGroup;
			children = (
				E183608B2829C6F100414F20 /* Calculator */,
				E1E3BCDA2A74602000DF6821 /* Threads List */,
				E1383BF727F8D8D4009DEEFA /* ViewBase.swift */,
				E1E3BCD92A74566800DF6821 /* Pricking Editor */,
			);
			path = Views;
			sourceTree = "<group>";
		};
		E1E3BCD92A74566800DF6821 /* Pricking Editor */ = {
			isa = PBXGroup;
			children = (
				E1D72231297D8881005A1BBF /* startup.xib */,
				E1383BF327F79F62009DEEFA /* LaceView.swift */,
				E1383BF527F79FC8009DEEFA /* Controller.swift */,
			);
			path = "Pricking Editor";
			sourceTree = "<group>";
		};
		E1E3BCDA2A74602000DF6821 /* Threads List */ = {
			isa = PBXGroup;
			children = (
				E125DBD4296B76040088D5CC /* threadListPanel.swift */,
				E125DBD6296C97230088D5CC /* ThreadList.xib */,
			);
			path = "Threads List";
			sourceTree = "<group>";
		};
		E1E731B22972A7BC00C4B850 /* images */ = {
			isa = PBXGroup;
			children = (
				E11B73A528FC993A005AC2C9 /* pricker16.png */,
				E11B73A628FC993A005AC2C9 /* pricker32.png */,
				E11B73A728FC993A005AC2C9 /* pricker64.png */,
				E11B73A828FC993A005AC2C9 /* pricker1024.png */,
				E11B73A128FC98D0005AC2C9 /* pricker128.png */,
				E11B73A228FC98D0005AC2C9 /* pricker512.png */,
				E11B739D28FC987A005AC2C9 /* pricker256.png */,
				E11B739E28FC987A005AC2C9 /* pricker2048.png */,
			);
			name = images;
			sourceTree = "<group>";
		};
/* End PBXGroup section */

/* Begin PBXNativeTarget section */
		E1383BE227F79C93009DEEFA /* lace */ = {
			isa = PBXNativeTarget;
			buildConfigurationList = E1383BF027F79C96009DEEFA /* Build configuration list for PBXNativeTarget "lace" */;
			buildPhases = (
				E1383BDF27F79C93009DEEFA /* Sources */,
				E1383BE027F79C93009DEEFA /* Frameworks */,
				E1383BE127F79C93009DEEFA /* Resources */,
			);
			buildRules = (
			);
			dependencies = (
			);
			name = lace;
			packageProductDependencies = (
				E1CF9AB8299707E200E8509A /* Atomics */,
				E1F88F822A1177830024BE81 /* BitArray */,
			);
			productName = lace;
			productReference = E1383BE327F79C93009DEEFA /* lace.app */;
			productType = "com.apple.product-type.application";
		};
/* End PBXNativeTarget section */

/* Begin PBXProject section */
		E1383BDB27F79C93009DEEFA /* Project object */ = {
			isa = PBXProject;
			attributes = {
				BuildIndependentTargetsInParallel = 1;
				LastSwiftUpdateCheck = 1420;
				LastUpgradeCheck = 1400;
				TargetAttributes = {
					E1383BE227F79C93009DEEFA = {
						CreatedOnToolsVersion = 13.3;
					};
				};
			};
			buildConfigurationList = E1383BDE27F79C93009DEEFA /* Build configuration list for PBXProject "lace" */;
			compatibilityVersion = "Xcode 13.0";
			developmentRegion = en;
			hasScannedForEncodings = 0;
			knownRegions = (
				en,
				Base,
			);
			mainGroup = E1383BDA27F79C93009DEEFA;
			packageReferences = (
				E1CF9AB7299707E200E8509A /* XCRemoteSwiftPackageReference "swift-atomics" */,
				E1F88F812A1177830024BE81 /* XCRemoteSwiftPackageReference "Swift_BitArray" */,
			);
			productRefGroup = E1383BE427F79C93009DEEFA /* Products */;
			projectDirPath = "";
			projectRoot = "";
			targets = (
				E1383BE227F79C93009DEEFA /* lace */,
			);
		};
/* End PBXProject section */

/* Begin PBXResourcesBuildPhase section */
		E1383BE127F79C93009DEEFA /* Resources */ = {
			isa = PBXResourcesBuildPhase;
			buildActionMask = 2147483647;
			files = (
				E18360AF283A94A300414F20 /* Printing.xib in Resources */,
				E1383BE927F79C96009DEEFA /* Assets.xcassets in Resources */,
				E106B00829CE78A200B840B1 /* schema.xsd in Resources */,
				E11B73A328FC98D0005AC2C9 /* pricker128.png in Resources */,
				E125DBD7296C97230088D5CC /* ThreadList.xib in Resources */,
				E11B73A928FC993A005AC2C9 /* pricker16.png in Resources */,
				E11B73AB28FC993A005AC2C9 /* pricker64.png in Resources */,
				E1383C0D2809F267009DEEFA /* defaults.plist in Resources */,
				E11B73A028FC987A005AC2C9 /* pricker2048.png in Resources */,
				E11B73A428FC98D0005AC2C9 /* pricker512.png in Resources */,
				E11B73AC28FC993A005AC2C9 /* pricker1024.png in Resources */,
				E183608D2829C72100414F20 /* Calculator.xib in Resources */,
				E1D51F3C280B383D00995497 /* Preferences.xib in Resources */,
				E1383BEC27F79C96009DEEFA /* MainMenu.xib in Resources */,
				E11B739F28FC987A005AC2C9 /* pricker256.png in Resources */,
				E11B73AA28FC993A005AC2C9 /* pricker32.png in Resources */,
				E1D98FE229FEFEC300027208 /* CreatePrickingWindow.xib in Resources */,
				E11B739928F32476005AC2C9 /* threads.plist in Resources */,
				E1D72232297D8881005A1BBF /* startup.xib in Resources */,
			);
			runOnlyForDeploymentPostprocessing = 0;
		};
/* End PBXResourcesBuildPhase section */

/* Begin PBXSourcesBuildPhase section */
		E1383BDF27F79C93009DEEFA /* Sources */ = {
			isa = PBXSourcesBuildPhase;
			buildActionMask = 2147483647;
			files = (
				E18360AD283A6F6700414F20 /* ViewApproach.swift in Sources */,
				E1E3BCB12A72CFE800DF6821 /* layers.swift in Sources */,
				E18360AB2839978900414F20 /* PrintFromData.swift in Sources */,
				E1D72234297D8D4E005A1BBF /* RectangularButton.swift in Sources */,
				E1D51F3E280B3C1B00995497 /* SettingsController.swift in Sources */,
				E17FBEDC28CB9FAA00408D89 /* viewDefaults.swift in Sources */,
				E13574962815BE45005D84D6 /* DraingPanel.swift in Sources */,
				E1DF65A42A01C44D00395C4F /* prickingSpecifier.swift in Sources */,
				E135749E28245909005D84D6 /* Log.swift in Sources */,
				E1BD6A85280E049700430EC4 /* Colours.swift in Sources */,
				E11EDC2D2961EAAF00B8E957 /* enumProtocols.swift in Sources */,
				E11B739B28F4C873005AC2C9 /* threadTypes.swift in Sources */,
				E1E3BCB52A73310F00DF6821 /* grids.swift in Sources */,
				E1383C072808AB3D009DEEFA /* pricking.swift in Sources */,
				E1EBD81C284149A200D8E10C /* Calc.swift in Sources */,
				E1383C0B2809AC30009DEEFA /* filepaths.swift in Sources */,
				E11EDC10295B7CE100B8E957 /* LaceSettings.swift in Sources */,
				E11B739728F3242A005AC2C9 /* PLIST.swift in Sources */,
				E1E3BCA92A708D9500DF6821 /* LaceAppModel.xcdatamodeld in Sources */,
				E1DFD09E293802DD0075D971 /* enums.swift in Sources */,
				E1E3BCAD2A71D77A00DF6821 /* dataTypes.swift in Sources */,
				E11EDC0A295A695400B8E957 /* lines.swift in Sources */,
				E1E3BCB32A72D02F00DF6821 /* lines_CD.swift in Sources */,
				E18360B1283A950600414F20 /* PrintingPanel.swift in Sources */,
				E1383BF627F79FC8009DEEFA /* Controller.swift in Sources */,
				E1947D3F29B52EF4002D5D15 /* files.swift in Sources */,
				E1383BE727F79C93009DEEFA /* AppDelegate.swift in Sources */,
				E1383C012803787C009DEEFA /* Lines.swift in Sources */,
				E1383BF427F79F62009DEEFA /* LaceView.swift in Sources */,
				E1383C05280773AB009DEEFA /* UserDefaults.swift in Sources */,
				E1E3BCAB2A71786800DF6821 /* types.swift in Sources */,
				E1D51F40280B3C8F00995497 /* Launchable.swift in Sources */,
				E1383BFA27F9E304009DEEFA /* Grid.swift in Sources */,
				E1BE8ADA29F45A2C0001C6CF /* pmController.swift in Sources */,
				E1D72236297DED89005A1BBF /* popoverProtocol.swift in Sources */,
				E1836095282C643100414F20 /* ThreadInfo.swift in Sources */,
				E135749128135102005D84D6 /* DictionaryExtensions.swift in Sources */,
				E117ABAA294513AA00CFF6E8 /* simple2.swift in Sources */,
				E183608F282A85FB00414F20 /* Calculator.swift in Sources */,
				E1D98FD729FD9AC900027208 /* codablePricking.swift in Sources */,
				E11EDC0E295B4A3100B8E957 /* grid2screen.swift in Sources */,
				E11EDC0C295A69B400B8E957 /* sizes.swift in Sources */,
				E1383C092808DACC009DEEFA /* FilePicker.swift in Sources */,
				E1383BF827F8D8D4009DEEFA /* ViewBase.swift in Sources */,
				E125DBD5296B76040088D5CC /* threadListPanel.swift in Sources */,
				E1F525DE29F08E710032D4E3 /* Trivalent.swift in Sources */,
				E1E3BCA62A6D9E1600DF6821 /* Files.swift in Sources */,
				E1836093282C0E3200414F20 /* LaceKinds.swift in Sources */,
				E10DDC31288342AE003A5C9C /* Displays.swift in Sources */,
				E18360A528384D0500414F20 /* PrintableCG.swift in Sources */,
				E11EDC08295A687600B8E957 /* points.swift in Sources */,
				E183609F2831B5F400414F20 /* PNG.swift in Sources */,
				E10DDC2F2882DD55003A5C9C /* CGApproach.swift in Sources */,
				E1D98FE029FEFC6400027208 /* CreatePrickingView.swift in Sources */,
				E17FBEE628CD3F8D00408D89 /* common.swift in Sources */,
				E1EBD81E2844021500D8E10C /* Errors.swift in Sources */,
				E1EBD81A283D7A9900D8E10C /* NSSizeExtensions.swift in Sources */,
				E1DFD09B2932DC690075D971 /* decodable.swift in Sources */,
				E1E3BCAF2A72CFAD00DF6821 /* prickings.swift in Sources */,
				E1836098282ED3DF00414F20 /* Printers.swift in Sources */,
			);
			runOnlyForDeploymentPostprocessing = 0;
		};
/* End PBXSourcesBuildPhase section */

/* Begin PBXVariantGroup section */
		E1383BEA27F79C96009DEEFA /* MainMenu.xib */ = {
			isa = PBXVariantGroup;
			children = (
				E1383BEB27F79C96009DEEFA /* Base */,
			);
			name = MainMenu.xib;
			sourceTree = "<group>";
		};
/* End PBXVariantGroup section */

/* Begin XCBuildConfiguration section */
		E1383BEE27F79C96009DEEFA /* Debug */ = {
			isa = XCBuildConfiguration;
			buildSettings = {
				ALWAYS_SEARCH_USER_PATHS = NO;
				CLANG_ANALYZER_NONNULL = YES;
				CLANG_ANALYZER_NUMBER_OBJECT_CONVERSION = YES_AGGRESSIVE;
				CLANG_CXX_LANGUAGE_STANDARD = "gnu++17";
				CLANG_ENABLE_MODULES = YES;
				CLANG_ENABLE_OBJC_ARC = YES;
				CLANG_ENABLE_OBJC_WEAK = YES;
				CLANG_WARN_BLOCK_CAPTURE_AUTORELEASING = YES;
				CLANG_WARN_BOOL_CONVERSION = YES;
				CLANG_WARN_COMMA = YES;
				CLANG_WARN_CONSTANT_CONVERSION = YES;
				CLANG_WARN_DEPRECATED_OBJC_IMPLEMENTATIONS = YES;
				CLANG_WARN_DIRECT_OBJC_ISA_USAGE = YES_ERROR;
				CLANG_WARN_DOCUMENTATION_COMMENTS = YES;
				CLANG_WARN_EMPTY_BODY = YES;
				CLANG_WARN_ENUM_CONVERSION = YES;
				CLANG_WARN_INFINITE_RECURSION = YES;
				CLANG_WARN_INT_CONVERSION = YES;
				CLANG_WARN_NON_LITERAL_NULL_CONVERSION = YES;
				CLANG_WARN_OBJC_IMPLICIT_RETAIN_SELF = YES;
				CLANG_WARN_OBJC_LITERAL_CONVERSION = YES;
				CLANG_WARN_OBJC_ROOT_CLASS = YES_ERROR;
				CLANG_WARN_QUOTED_INCLUDE_IN_FRAMEWORK_HEADER = YES;
				CLANG_WARN_RANGE_LOOP_ANALYSIS = YES;
				CLANG_WARN_STRICT_PROTOTYPES = YES;
				CLANG_WARN_SUSPICIOUS_MOVE = YES;
				CLANG_WARN_UNGUARDED_AVAILABILITY = YES_AGGRESSIVE;
				CLANG_WARN_UNREACHABLE_CODE = YES;
				CLANG_WARN__DUPLICATE_METHOD_MATCH = YES;
				COPY_PHASE_STRIP = NO;
				DEAD_CODE_STRIPPING = YES;
				DEBUG_INFORMATION_FORMAT = dwarf;
				ENABLE_STRICT_OBJC_MSGSEND = YES;
				ENABLE_TESTABILITY = YES;
				GCC_C_LANGUAGE_STANDARD = gnu11;
				GCC_DYNAMIC_NO_PIC = NO;
				GCC_NO_COMMON_BLOCKS = YES;
				GCC_OPTIMIZATION_LEVEL = 0;
				GCC_PREPROCESSOR_DEFINITIONS = (
					"DEBUG=1",
					"$(inherited)",
				);
				GCC_WARN_64_TO_32_BIT_CONVERSION = YES;
				GCC_WARN_ABOUT_RETURN_TYPE = YES_ERROR;
				GCC_WARN_UNDECLARED_SELECTOR = YES;
				GCC_WARN_UNINITIALIZED_AUTOS = YES_AGGRESSIVE;
				GCC_WARN_UNUSED_FUNCTION = YES;
				GCC_WARN_UNUSED_VARIABLE = YES;
				MACOSX_DEPLOYMENT_TARGET = 12.2;
				MTL_ENABLE_DEBUG_INFO = INCLUDE_SOURCE;
				MTL_FAST_MATH = YES;
				ONLY_ACTIVE_ARCH = YES;
				SDKROOT = macosx;
				SWIFT_ACTIVE_COMPILATION_CONDITIONS = DEBUG;
				SWIFT_OPTIMIZATION_LEVEL = "-Onone";
			};
			name = Debug;
		};
		E1383BEF27F79C96009DEEFA /* Release */ = {
			isa = XCBuildConfiguration;
			buildSettings = {
				ALWAYS_SEARCH_USER_PATHS = NO;
				CLANG_ANALYZER_NONNULL = YES;
				CLANG_ANALYZER_NUMBER_OBJECT_CONVERSION = YES_AGGRESSIVE;
				CLANG_CXX_LANGUAGE_STANDARD = "gnu++17";
				CLANG_ENABLE_MODULES = YES;
				CLANG_ENABLE_OBJC_ARC = YES;
				CLANG_ENABLE_OBJC_WEAK = YES;
				CLANG_WARN_BLOCK_CAPTURE_AUTORELEASING = YES;
				CLANG_WARN_BOOL_CONVERSION = YES;
				CLANG_WARN_COMMA = YES;
				CLANG_WARN_CONSTANT_CONVERSION = YES;
				CLANG_WARN_DEPRECATED_OBJC_IMPLEMENTATIONS = YES;
				CLANG_WARN_DIRECT_OBJC_ISA_USAGE = YES_ERROR;
				CLANG_WARN_DOCUMENTATION_COMMENTS = YES;
				CLANG_WARN_EMPTY_BODY = YES;
				CLANG_WARN_ENUM_CONVERSION = YES;
				CLANG_WARN_INFINITE_RECURSION = YES;
				CLANG_WARN_INT_CONVERSION = YES;
				CLANG_WARN_NON_LITERAL_NULL_CONVERSION = YES;
				CLANG_WARN_OBJC_IMPLICIT_RETAIN_SELF = YES;
				CLANG_WARN_OBJC_LITERAL_CONVERSION = YES;
				CLANG_WARN_OBJC_ROOT_CLASS = YES_ERROR;
				CLANG_WARN_QUOTED_INCLUDE_IN_FRAMEWORK_HEADER = YES;
				CLANG_WARN_RANGE_LOOP_ANALYSIS = YES;
				CLANG_WARN_STRICT_PROTOTYPES = YES;
				CLANG_WARN_SUSPICIOUS_MOVE = YES;
				CLANG_WARN_UNGUARDED_AVAILABILITY = YES_AGGRESSIVE;
				CLANG_WARN_UNREACHABLE_CODE = YES;
				CLANG_WARN__DUPLICATE_METHOD_MATCH = YES;
				COPY_PHASE_STRIP = NO;
				DEAD_CODE_STRIPPING = YES;
				DEBUG_INFORMATION_FORMAT = "dwarf-with-dsym";
				ENABLE_NS_ASSERTIONS = NO;
				ENABLE_STRICT_OBJC_MSGSEND = YES;
				GCC_C_LANGUAGE_STANDARD = gnu11;
				GCC_NO_COMMON_BLOCKS = YES;
				GCC_WARN_64_TO_32_BIT_CONVERSION = YES;
				GCC_WARN_ABOUT_RETURN_TYPE = YES_ERROR;
				GCC_WARN_UNDECLARED_SELECTOR = YES;
				GCC_WARN_UNINITIALIZED_AUTOS = YES_AGGRESSIVE;
				GCC_WARN_UNUSED_FUNCTION = YES;
				GCC_WARN_UNUSED_VARIABLE = YES;
				MACOSX_DEPLOYMENT_TARGET = 12.2;
				MTL_ENABLE_DEBUG_INFO = NO;
				MTL_FAST_MATH = YES;
				SDKROOT = macosx;
				SWIFT_COMPILATION_MODE = wholemodule;
				SWIFT_OPTIMIZATION_LEVEL = "-O";
			};
			name = Release;
		};
		E1383BF127F79C96009DEEFA /* Debug */ = {
			isa = XCBuildConfiguration;
			buildSettings = {
				ASSETCATALOG_COMPILER_APPICON_NAME = AppIcon;
				ASSETCATALOG_COMPILER_GLOBAL_ACCENT_COLOR_NAME = AccentColor;
				ASSETCATALOG_COMPILER_INCLUDE_ALL_APPICON_ASSETS = YES;
				CODE_SIGN_ENTITLEMENTS = lace/lace.entitlements;
				CODE_SIGN_IDENTITY = "-";
				CODE_SIGN_STYLE = Automatic;
				COMBINE_HIDPI_IMAGES = YES;
				CURRENT_PROJECT_VERSION = 1;
				DEAD_CODE_STRIPPING = YES;
				DEVELOPMENT_TEAM = XLKATCU397;
				ENABLE_HARDENED_RUNTIME = YES;
				GENERATE_INFOPLIST_FILE = YES;
				INFOPLIST_KEY_CFBundleDisplayName = LaceMaker;
				INFOPLIST_KEY_LSApplicationCategoryType = "public.app-category.graphics-design";
				INFOPLIST_KEY_NSHumanReadableCopyright = "";
				INFOPLIST_KEY_NSMainNibFile = MainMenu;
				INFOPLIST_KEY_NSPrincipalClass = NSApplication;
				LD_RUNPATH_SEARCH_PATHS = (
					"$(inherited)",
					"@executable_path/../Frameworks",
				);
				MARKETING_VERSION = 1.0;
				PRODUCT_BUNDLE_IDENTIFIER = org.porternet.lace.lace;
				PRODUCT_NAME = "$(TARGET_NAME)";
				SWIFT_EMIT_LOC_STRINGS = YES;
				SWIFT_VERSION = 5.0;
			};
			name = Debug;
		};
		E1383BF227F79C96009DEEFA /* Release */ = {
			isa = XCBuildConfiguration;
			buildSettings = {
				ASSETCATALOG_COMPILER_APPICON_NAME = AppIcon;
				ASSETCATALOG_COMPILER_GLOBAL_ACCENT_COLOR_NAME = AccentColor;
				ASSETCATALOG_COMPILER_INCLUDE_ALL_APPICON_ASSETS = YES;
				CODE_SIGN_ENTITLEMENTS = lace/lace.entitlements;
				CODE_SIGN_IDENTITY = "-";
				CODE_SIGN_STYLE = Automatic;
				COMBINE_HIDPI_IMAGES = YES;
				CURRENT_PROJECT_VERSION = 1;
				DEAD_CODE_STRIPPING = YES;
				DEVELOPMENT_TEAM = XLKATCU397;
				ENABLE_HARDENED_RUNTIME = YES;
				GENERATE_INFOPLIST_FILE = YES;
				INFOPLIST_KEY_CFBundleDisplayName = LaceMaker;
				INFOPLIST_KEY_LSApplicationCategoryType = "public.app-category.graphics-design";
				INFOPLIST_KEY_NSHumanReadableCopyright = "";
				INFOPLIST_KEY_NSMainNibFile = MainMenu;
				INFOPLIST_KEY_NSPrincipalClass = NSApplication;
				LD_RUNPATH_SEARCH_PATHS = (
					"$(inherited)",
					"@executable_path/../Frameworks",
				);
				MARKETING_VERSION = 1.0;
				PRODUCT_BUNDLE_IDENTIFIER = org.porternet.lace.lace;
				PRODUCT_NAME = "$(TARGET_NAME)";
				SWIFT_EMIT_LOC_STRINGS = YES;
				SWIFT_VERSION = 5.0;
			};
			name = Release;
		};
/* End XCBuildConfiguration section */

/* Begin XCConfigurationList section */
		E1383BDE27F79C93009DEEFA /* Build configuration list for PBXProject "lace" */ = {
			isa = XCConfigurationList;
			buildConfigurations = (
				E1383BEE27F79C96009DEEFA /* Debug */,
				E1383BEF27F79C96009DEEFA /* Release */,
			);
			defaultConfigurationIsVisible = 0;
			defaultConfigurationName = Release;
		};
		E1383BF027F79C96009DEEFA /* Build configuration list for PBXNativeTarget "lace" */ = {
			isa = XCConfigurationList;
			buildConfigurations = (
				E1383BF127F79C96009DEEFA /* Debug */,
				E1383BF227F79C96009DEEFA /* Release */,
			);
			defaultConfigurationIsVisible = 0;
			defaultConfigurationName = Release;
		};
/* End XCConfigurationList section */

/* Begin XCRemoteSwiftPackageReference section */
		E1CF9AB7299707E200E8509A /* XCRemoteSwiftPackageReference "swift-atomics" */ = {
			isa = XCRemoteSwiftPackageReference;
			repositoryURL = "https://github.com/apple/swift-atomics.git";
			requirement = {
				kind = upToNextMajorVersion;
				minimumVersion = 1.0.0;
			};
		};
		E1F88F812A1177830024BE81 /* XCRemoteSwiftPackageReference "Swift_BitArray" */ = {
			isa = XCRemoteSwiftPackageReference;
			repositoryURL = "https://github.com/jdstmporter/Swift_BitArray.git";
			requirement = {
				branch = main;
				kind = branch;
			};
		};
/* End XCRemoteSwiftPackageReference section */

/* Begin XCSwiftPackageProductDependency section */
		E1CF9AB8299707E200E8509A /* Atomics */ = {
			isa = XCSwiftPackageProductDependency;
			package = E1CF9AB7299707E200E8509A /* XCRemoteSwiftPackageReference "swift-atomics" */;
			productName = Atomics;
		};
		E1F88F822A1177830024BE81 /* BitArray */ = {
			isa = XCSwiftPackageProductDependency;
			package = E1F88F812A1177830024BE81 /* XCRemoteSwiftPackageReference "Swift_BitArray" */;
			productName = BitArray;
		};
/* End XCSwiftPackageProductDependency section */

/* Begin XCVersionGroup section */
		E1E3BCA72A708D9500DF6821 /* LaceAppModel.xcdatamodeld */ = {
			isa = XCVersionGroup;
			children = (
				E1E3BCA82A708D9500DF6821 /* LaceAppModel.xcdatamodel */,
			);
			currentVersion = E1E3BCA82A708D9500DF6821 /* LaceAppModel.xcdatamodel */;
			path = LaceAppModel.xcdatamodeld;
			sourceTree = "<group>";
			versionGroupType = wrapper.xcdatamodel;
		};
/* End XCVersionGroup section */
	};
	rootObject = E1383BDB27F79C93009DEEFA /* Project object */;
}
