// !$*UTF8*$!
{
	archiveVersion = 1;
	classes = {
	};
	objectVersion = 55;
	objects = {

/* Begin PBXBuildFile section */
		E135749128135102005D84D6 /* Dimensions.swift in Sources */ = {isa = PBXBuildFile; fileRef = E135749028135102005D84D6 /* Dimensions.swift */; };
		E13574962815BE45005D84D6 /* DraingPanel.swift in Sources */ = {isa = PBXBuildFile; fileRef = E13574952815BE45005D84D6 /* DraingPanel.swift */; };
		E13574982819BDF4005D84D6 /* GridPanel.swift in Sources */ = {isa = PBXBuildFile; fileRef = E13574972819BDF4005D84D6 /* GridPanel.swift */; };
		E135749A281C92B0005D84D6 /* PathsView.swift in Sources */ = {isa = PBXBuildFile; fileRef = E1357499281C92B0005D84D6 /* PathsView.swift */; };
		E135749C281EE480005D84D6 /* Fonts.swift in Sources */ = {isa = PBXBuildFile; fileRef = E135749B281EE480005D84D6 /* Fonts.swift */; };
		E135749E28245909005D84D6 /* Log.swift in Sources */ = {isa = PBXBuildFile; fileRef = E135749D28245909005D84D6 /* Log.swift */; };
		E13574A0282499C8005D84D6 /* ImagesPanel.swift in Sources */ = {isa = PBXBuildFile; fileRef = E135749F282499C8005D84D6 /* ImagesPanel.swift */; };
		E13574A62826E38B005D84D6 /* CoreData.swift in Sources */ = {isa = PBXBuildFile; fileRef = E13574A52826E38B005D84D6 /* CoreData.swift */; };
		E13574AA28270BE2005D84D6 /* threads.xml in Resources */ = {isa = PBXBuildFile; fileRef = E13574A928270BE2005D84D6 /* threads.xml */; };
		E1383BE727F79C93009DEEFA /* AppDelegate.swift in Sources */ = {isa = PBXBuildFile; fileRef = E1383BE627F79C93009DEEFA /* AppDelegate.swift */; };
		E1383BE927F79C96009DEEFA /* Assets.xcassets in Resources */ = {isa = PBXBuildFile; fileRef = E1383BE827F79C96009DEEFA /* Assets.xcassets */; };
		E1383BEC27F79C96009DEEFA /* MainMenu.xib in Resources */ = {isa = PBXBuildFile; fileRef = E1383BEA27F79C96009DEEFA /* MainMenu.xib */; };
		E1383BF427F79F62009DEEFA /* LaceView.swift in Sources */ = {isa = PBXBuildFile; fileRef = E1383BF327F79F62009DEEFA /* LaceView.swift */; };
		E1383BF627F79FC8009DEEFA /* Controller.swift in Sources */ = {isa = PBXBuildFile; fileRef = E1383BF527F79FC8009DEEFA /* Controller.swift */; };
		E1383BF827F8D8D4009DEEFA /* ViewBase.swift in Sources */ = {isa = PBXBuildFile; fileRef = E1383BF727F8D8D4009DEEFA /* ViewBase.swift */; };
		E1383BFA27F9E304009DEEFA /* Grid.swift in Sources */ = {isa = PBXBuildFile; fileRef = E1383BF927F9E304009DEEFA /* Grid.swift */; };
		E1383BFD27F9EF3E009DEEFA /* AppKit.framework in Frameworks */ = {isa = PBXBuildFile; fileRef = E1383BFC27F9EF3E009DEEFA /* AppKit.framework */; };
		E1383BFF27F9F34C009DEEFA /* Printable.swift in Sources */ = {isa = PBXBuildFile; fileRef = E1383BFE27F9F34C009DEEFA /* Printable.swift */; };
		E1383C012803787C009DEEFA /* Lines.swift in Sources */ = {isa = PBXBuildFile; fileRef = E1383C002803787C009DEEFA /* Lines.swift */; };
		E1383C05280773AB009DEEFA /* UserDefaults.swift in Sources */ = {isa = PBXBuildFile; fileRef = E1383C04280773AB009DEEFA /* UserDefaults.swift */; };
		E1383C072808AB3D009DEEFA /* Serialise.swift in Sources */ = {isa = PBXBuildFile; fileRef = E1383C062808AB3D009DEEFA /* Serialise.swift */; };
		E1383C092808DACC009DEEFA /* FilePicker.swift in Sources */ = {isa = PBXBuildFile; fileRef = E1383C082808DACC009DEEFA /* FilePicker.swift */; };
		E1383C0B2809AC30009DEEFA /* Files.swift in Sources */ = {isa = PBXBuildFile; fileRef = E1383C0A2809AC30009DEEFA /* Files.swift */; };
		E1383C0D2809F267009DEEFA /* defaults.plist in Resources */ = {isa = PBXBuildFile; fileRef = E1383C0C2809F267009DEEFA /* defaults.plist */; };
		E18360882828039600414F20 /* libsqlite3.tbd in Frameworks */ = {isa = PBXBuildFile; fileRef = E18360872828036900414F20 /* libsqlite3.tbd */; };
		E183608A2828555A00414F20 /* threads.db in Resources */ = {isa = PBXBuildFile; fileRef = E18360892828555A00414F20 /* threads.db */; };
		E183608D2829C72100414F20 /* Calculator.xib in Resources */ = {isa = PBXBuildFile; fileRef = E183608C2829C72100414F20 /* Calculator.xib */; };
		E183608F282A85FB00414F20 /* Calculator.swift in Sources */ = {isa = PBXBuildFile; fileRef = E183608E282A85FB00414F20 /* Calculator.swift */; };
		E1836093282C0E3200414F20 /* LaceKinds.swift in Sources */ = {isa = PBXBuildFile; fileRef = E1836092282C0E3200414F20 /* LaceKinds.swift */; };
		E1836095282C643100414F20 /* ThreadInfo.swift in Sources */ = {isa = PBXBuildFile; fileRef = E1836094282C643100414F20 /* ThreadInfo.swift */; };
		E1836098282ED3DF00414F20 /* Printers.swift in Sources */ = {isa = PBXBuildFile; fileRef = E1836097282ED3DF00414F20 /* Printers.swift */; };
		E183609A282EF88D00414F20 /* ApplicationServices.framework in Frameworks */ = {isa = PBXBuildFile; fileRef = E1836099282EF88D00414F20 /* ApplicationServices.framework */; };
		E1BD6A85280E049700430EC4 /* Colours.swift in Sources */ = {isa = PBXBuildFile; fileRef = E1BD6A84280E049700430EC4 /* Colours.swift */; };
		E1D51F3C280B383D00995497 /* Preferences.xib in Resources */ = {isa = PBXBuildFile; fileRef = E1D51F3B280B383D00995497 /* Preferences.xib */; };
		E1D51F3E280B3C1B00995497 /* SettingsController.swift in Sources */ = {isa = PBXBuildFile; fileRef = E1D51F3D280B3C1B00995497 /* SettingsController.swift */; };
		E1D51F40280B3C8F00995497 /* Launchable.swift in Sources */ = {isa = PBXBuildFile; fileRef = E1D51F3F280B3C8F00995497 /* Launchable.swift */; };
/* End PBXBuildFile section */

/* Begin PBXFileReference section */
		E135749028135102005D84D6 /* Dimensions.swift */ = {isa = PBXFileReference; lastKnownFileType = sourcecode.swift; path = Dimensions.swift; sourceTree = "<group>"; };
		E13574952815BE45005D84D6 /* DraingPanel.swift */ = {isa = PBXFileReference; lastKnownFileType = sourcecode.swift; path = DraingPanel.swift; sourceTree = "<group>"; };
		E13574972819BDF4005D84D6 /* GridPanel.swift */ = {isa = PBXFileReference; lastKnownFileType = sourcecode.swift; path = GridPanel.swift; sourceTree = "<group>"; };
		E1357499281C92B0005D84D6 /* PathsView.swift */ = {isa = PBXFileReference; lastKnownFileType = sourcecode.swift; path = PathsView.swift; sourceTree = "<group>"; };
		E135749B281EE480005D84D6 /* Fonts.swift */ = {isa = PBXFileReference; lastKnownFileType = sourcecode.swift; path = Fonts.swift; sourceTree = "<group>"; };
		E135749D28245909005D84D6 /* Log.swift */ = {isa = PBXFileReference; lastKnownFileType = sourcecode.swift; path = Log.swift; sourceTree = "<group>"; };
		E135749F282499C8005D84D6 /* ImagesPanel.swift */ = {isa = PBXFileReference; lastKnownFileType = sourcecode.swift; path = ImagesPanel.swift; sourceTree = "<group>"; };
		E13574A52826E38B005D84D6 /* CoreData.swift */ = {isa = PBXFileReference; lastKnownFileType = sourcecode.swift; path = CoreData.swift; sourceTree = "<group>"; };
		E13574A72826E39A005D84D6 /* CoreData.framework */ = {isa = PBXFileReference; lastKnownFileType = wrapper.framework; name = CoreData.framework; path = System/Library/Frameworks/CoreData.framework; sourceTree = SDKROOT; };
		E13574A928270BE2005D84D6 /* threads.xml */ = {isa = PBXFileReference; lastKnownFileType = text.xml; path = threads.xml; sourceTree = "<group>"; };
		E1383BE327F79C93009DEEFA /* lace.app */ = {isa = PBXFileReference; explicitFileType = wrapper.application; includeInIndex = 0; path = lace.app; sourceTree = BUILT_PRODUCTS_DIR; };
		E1383BE627F79C93009DEEFA /* AppDelegate.swift */ = {isa = PBXFileReference; lastKnownFileType = sourcecode.swift; path = AppDelegate.swift; sourceTree = "<group>"; };
		E1383BE827F79C96009DEEFA /* Assets.xcassets */ = {isa = PBXFileReference; lastKnownFileType = folder.assetcatalog; path = Assets.xcassets; sourceTree = "<group>"; };
		E1383BEB27F79C96009DEEFA /* Base */ = {isa = PBXFileReference; lastKnownFileType = file.xib; name = Base; path = Base.lproj/MainMenu.xib; sourceTree = "<group>"; };
		E1383BED27F79C96009DEEFA /* lace.entitlements */ = {isa = PBXFileReference; lastKnownFileType = text.plist.entitlements; path = lace.entitlements; sourceTree = "<group>"; };
		E1383BF327F79F62009DEEFA /* LaceView.swift */ = {isa = PBXFileReference; lastKnownFileType = sourcecode.swift; path = LaceView.swift; sourceTree = "<group>"; };
		E1383BF527F79FC8009DEEFA /* Controller.swift */ = {isa = PBXFileReference; lastKnownFileType = sourcecode.swift; path = Controller.swift; sourceTree = "<group>"; };
		E1383BF727F8D8D4009DEEFA /* ViewBase.swift */ = {isa = PBXFileReference; lastKnownFileType = sourcecode.swift; path = ViewBase.swift; sourceTree = "<group>"; };
		E1383BF927F9E304009DEEFA /* Grid.swift */ = {isa = PBXFileReference; lastKnownFileType = sourcecode.swift; path = Grid.swift; sourceTree = "<group>"; };
		E1383BFC27F9EF3E009DEEFA /* AppKit.framework */ = {isa = PBXFileReference; lastKnownFileType = wrapper.framework; name = AppKit.framework; path = System/Library/Frameworks/AppKit.framework; sourceTree = SDKROOT; };
		E1383BFE27F9F34C009DEEFA /* Printable.swift */ = {isa = PBXFileReference; lastKnownFileType = sourcecode.swift; path = Printable.swift; sourceTree = "<group>"; };
		E1383C002803787C009DEEFA /* Lines.swift */ = {isa = PBXFileReference; lastKnownFileType = sourcecode.swift; path = Lines.swift; sourceTree = "<group>"; };
		E1383C04280773AB009DEEFA /* UserDefaults.swift */ = {isa = PBXFileReference; lastKnownFileType = sourcecode.swift; path = UserDefaults.swift; sourceTree = "<group>"; };
		E1383C062808AB3D009DEEFA /* Serialise.swift */ = {isa = PBXFileReference; lastKnownFileType = sourcecode.swift; path = Serialise.swift; sourceTree = "<group>"; };
		E1383C082808DACC009DEEFA /* FilePicker.swift */ = {isa = PBXFileReference; lastKnownFileType = sourcecode.swift; path = FilePicker.swift; sourceTree = "<group>"; };
		E1383C0A2809AC30009DEEFA /* Files.swift */ = {isa = PBXFileReference; lastKnownFileType = sourcecode.swift; path = Files.swift; sourceTree = "<group>"; };
		E1383C0C2809F267009DEEFA /* defaults.plist */ = {isa = PBXFileReference; lastKnownFileType = text.plist.xml; path = defaults.plist; sourceTree = "<group>"; };
		E18360872828036900414F20 /* libsqlite3.tbd */ = {isa = PBXFileReference; lastKnownFileType = "sourcecode.text-based-dylib-definition"; name = libsqlite3.tbd; path = usr/lib/libsqlite3.tbd; sourceTree = SDKROOT; };
		E18360892828555A00414F20 /* threads.db */ = {isa = PBXFileReference; lastKnownFileType = file; path = threads.db; sourceTree = "<group>"; };
		E183608C2829C72100414F20 /* Calculator.xib */ = {isa = PBXFileReference; lastKnownFileType = file.xib; path = Calculator.xib; sourceTree = "<group>"; };
		E183608E282A85FB00414F20 /* Calculator.swift */ = {isa = PBXFileReference; lastKnownFileType = sourcecode.swift; path = Calculator.swift; sourceTree = "<group>"; };
		E1836090282B162700414F20 /* Threads.swift */ = {isa = PBXFileReference; lastKnownFileType = sourcecode.swift; path = Threads.swift; sourceTree = "<group>"; };
		E1836092282C0E3200414F20 /* LaceKinds.swift */ = {isa = PBXFileReference; lastKnownFileType = sourcecode.swift; path = LaceKinds.swift; sourceTree = "<group>"; };
		E1836094282C643100414F20 /* ThreadInfo.swift */ = {isa = PBXFileReference; lastKnownFileType = sourcecode.swift; path = ThreadInfo.swift; sourceTree = "<group>"; };
		E1836097282ED3DF00414F20 /* Printers.swift */ = {isa = PBXFileReference; lastKnownFileType = sourcecode.swift; path = Printers.swift; sourceTree = "<group>"; };
		E1836099282EF88D00414F20 /* ApplicationServices.framework */ = {isa = PBXFileReference; lastKnownFileType = wrapper.framework; name = ApplicationServices.framework; path = System/Library/Frameworks/ApplicationServices.framework; sourceTree = SDKROOT; };
		E1BD6A84280E049700430EC4 /* Colours.swift */ = {isa = PBXFileReference; lastKnownFileType = sourcecode.swift; path = Colours.swift; sourceTree = "<group>"; };
		E1D51F3B280B383D00995497 /* Preferences.xib */ = {isa = PBXFileReference; lastKnownFileType = file.xib; path = Preferences.xib; sourceTree = "<group>"; };
		E1D51F3D280B3C1B00995497 /* SettingsController.swift */ = {isa = PBXFileReference; lastKnownFileType = sourcecode.swift; path = SettingsController.swift; sourceTree = "<group>"; };
		E1D51F3F280B3C8F00995497 /* Launchable.swift */ = {isa = PBXFileReference; lastKnownFileType = sourcecode.swift; path = Launchable.swift; sourceTree = "<group>"; };
/* End PBXFileReference section */

/* Begin PBXFrameworksBuildPhase section */
		E1383BE027F79C93009DEEFA /* Frameworks */ = {
			isa = PBXFrameworksBuildPhase;
			buildActionMask = 2147483647;
			files = (
				E18360882828039600414F20 /* libsqlite3.tbd in Frameworks */,
				E183609A282EF88D00414F20 /* ApplicationServices.framework in Frameworks */,
				E1383BFD27F9EF3E009DEEFA /* AppKit.framework in Frameworks */,
			);
			runOnlyForDeploymentPostprocessing = 0;
		};
/* End PBXFrameworksBuildPhase section */

/* Begin PBXGroup section */
		E13574A42826E36E005D84D6 /* Data */ = {
			isa = PBXGroup;
			children = (
				E13574A52826E38B005D84D6 /* CoreData.swift */,
			);
			path = Data;
			sourceTree = "<group>";
		};
		E1383BDA27F79C93009DEEFA = {
			isa = PBXGroup;
			children = (
				E18360892828555A00414F20 /* threads.db */,
				E13574A928270BE2005D84D6 /* threads.xml */,
				E1383C0C2809F267009DEEFA /* defaults.plist */,
				E1383BE527F79C93009DEEFA /* lace */,
				E1383BE427F79C93009DEEFA /* Products */,
				E1383BFB27F9EF3E009DEEFA /* Frameworks */,
			);
			sourceTree = "<group>";
		};
		E1383BE427F79C93009DEEFA /* Products */ = {
			isa = PBXGroup;
			children = (
				E1383BE327F79C93009DEEFA /* lace.app */,
			);
			name = Products;
			sourceTree = "<group>";
		};
		E1383BE527F79C93009DEEFA /* lace */ = {
			isa = PBXGroup;
			children = (
				E1836096282ED3C500414F20 /* Printing */,
				E183608B2829C6F100414F20 /* Extras */,
				E13574A42826E36E005D84D6 /* Data */,
				E1383C032807738B009DEEFA /* Settings */,
				E1383BE627F79C93009DEEFA /* AppDelegate.swift */,
				E1383BE827F79C96009DEEFA /* Assets.xcassets */,
				E1383BEA27F79C96009DEEFA /* MainMenu.xib */,
				E1383BED27F79C96009DEEFA /* lace.entitlements */,
				E1383BF327F79F62009DEEFA /* LaceView.swift */,
				E1383BF527F79FC8009DEEFA /* Controller.swift */,
				E1383BF727F8D8D4009DEEFA /* ViewBase.swift */,
				E1383BFE27F9F34C009DEEFA /* Printable.swift */,
				E1383C0228037893009DEEFA /* Structures */,
				E1383C082808DACC009DEEFA /* FilePicker.swift */,
				E1D51F3F280B3C8F00995497 /* Launchable.swift */,
				E135749D28245909005D84D6 /* Log.swift */,
			);
			path = lace;
			sourceTree = "<group>";
		};
		E1383BFB27F9EF3E009DEEFA /* Frameworks */ = {
			isa = PBXGroup;
			children = (
				E1836099282EF88D00414F20 /* ApplicationServices.framework */,
				E18360872828036900414F20 /* libsqlite3.tbd */,
				E13574A72826E39A005D84D6 /* CoreData.framework */,
				E1383BFC27F9EF3E009DEEFA /* AppKit.framework */,
			);
			name = Frameworks;
			sourceTree = "<group>";
		};
		E1383C0228037893009DEEFA /* Structures */ = {
			isa = PBXGroup;
			children = (
				E1383BF927F9E304009DEEFA /* Grid.swift */,
				E1383C002803787C009DEEFA /* Lines.swift */,
				E1383C062808AB3D009DEEFA /* Serialise.swift */,
			);
			path = Structures;
			sourceTree = "<group>";
		};
		E1383C032807738B009DEEFA /* Settings */ = {
			isa = PBXGroup;
			children = (
				E1383C04280773AB009DEEFA /* UserDefaults.swift */,
				E1383C0A2809AC30009DEEFA /* Files.swift */,
				E1D51F3B280B383D00995497 /* Preferences.xib */,
				E1D51F3D280B3C1B00995497 /* SettingsController.swift */,
				E1BD6A84280E049700430EC4 /* Colours.swift */,
				E135749028135102005D84D6 /* Dimensions.swift */,
				E13574952815BE45005D84D6 /* DraingPanel.swift */,
				E13574972819BDF4005D84D6 /* GridPanel.swift */,
				E1357499281C92B0005D84D6 /* PathsView.swift */,
				E135749B281EE480005D84D6 /* Fonts.swift */,
				E135749F282499C8005D84D6 /* ImagesPanel.swift */,
			);
			path = Settings;
			sourceTree = "<group>";
		};
		E183608B2829C6F100414F20 /* Extras */ = {
			isa = PBXGroup;
			children = (
				E183608C2829C72100414F20 /* Calculator.xib */,
				E183608E282A85FB00414F20 /* Calculator.swift */,
				E1836090282B162700414F20 /* Threads.swift */,
				E1836092282C0E3200414F20 /* LaceKinds.swift */,
				E1836094282C643100414F20 /* ThreadInfo.swift */,
			);
			path = Extras;
			sourceTree = "<group>";
		};
		E1836096282ED3C500414F20 /* Printing */ = {
			isa = PBXGroup;
			children = (
				E1836097282ED3DF00414F20 /* Printers.swift */,
			);
			path = Printing;
			sourceTree = "<group>";
		};
/* End PBXGroup section */

/* Begin PBXNativeTarget section */
		E1383BE227F79C93009DEEFA /* lace */ = {
			isa = PBXNativeTarget;
			buildConfigurationList = E1383BF027F79C96009DEEFA /* Build configuration list for PBXNativeTarget "lace" */;
			buildPhases = (
				E1383BDF27F79C93009DEEFA /* Sources */,
				E1383BE027F79C93009DEEFA /* Frameworks */,
				E1383BE127F79C93009DEEFA /* Resources */,
			);
			buildRules = (
			);
			dependencies = (
			);
			name = lace;
			productName = lace;
			productReference = E1383BE327F79C93009DEEFA /* lace.app */;
			productType = "com.apple.product-type.application";
		};
/* End PBXNativeTarget section */

/* Begin PBXProject section */
		E1383BDB27F79C93009DEEFA /* Project object */ = {
			isa = PBXProject;
			attributes = {
				BuildIndependentTargetsInParallel = 1;
				LastSwiftUpdateCheck = 1330;
				LastUpgradeCheck = 1330;
				TargetAttributes = {
					E1383BE227F79C93009DEEFA = {
						CreatedOnToolsVersion = 13.3;
					};
				};
			};
			buildConfigurationList = E1383BDE27F79C93009DEEFA /* Build configuration list for PBXProject "lace" */;
			compatibilityVersion = "Xcode 13.0";
			developmentRegion = en;
			hasScannedForEncodings = 0;
			knownRegions = (
				en,
				Base,
			);
			mainGroup = E1383BDA27F79C93009DEEFA;
			productRefGroup = E1383BE427F79C93009DEEFA /* Products */;
			projectDirPath = "";
			projectRoot = "";
			targets = (
				E1383BE227F79C93009DEEFA /* lace */,
			);
		};
/* End PBXProject section */

/* Begin PBXResourcesBuildPhase section */
		E1383BE127F79C93009DEEFA /* Resources */ = {
			isa = PBXResourcesBuildPhase;
			buildActionMask = 2147483647;
			files = (
				E183608A2828555A00414F20 /* threads.db in Resources */,
				E1383BE927F79C96009DEEFA /* Assets.xcassets in Resources */,
				E1383C0D2809F267009DEEFA /* defaults.plist in Resources */,
				E183608D2829C72100414F20 /* Calculator.xib in Resources */,
				E1D51F3C280B383D00995497 /* Preferences.xib in Resources */,
				E1383BEC27F79C96009DEEFA /* MainMenu.xib in Resources */,
				E13574AA28270BE2005D84D6 /* threads.xml in Resources */,
			);
			runOnlyForDeploymentPostprocessing = 0;
		};
/* End PBXResourcesBuildPhase section */

/* Begin PBXSourcesBuildPhase section */
		E1383BDF27F79C93009DEEFA /* Sources */ = {
			isa = PBXSourcesBuildPhase;
			buildActionMask = 2147483647;
			files = (
				E1D51F3E280B3C1B00995497 /* SettingsController.swift in Sources */,
				E13574962815BE45005D84D6 /* DraingPanel.swift in Sources */,
				E135749E28245909005D84D6 /* Log.swift in Sources */,
				E1BD6A85280E049700430EC4 /* Colours.swift in Sources */,
				E1383C072808AB3D009DEEFA /* Serialise.swift in Sources */,
				E1383C0B2809AC30009DEEFA /* Files.swift in Sources */,
				E13574A0282499C8005D84D6 /* ImagesPanel.swift in Sources */,
				E1383BF627F79FC8009DEEFA /* Controller.swift in Sources */,
				E13574982819BDF4005D84D6 /* GridPanel.swift in Sources */,
				E1383BE727F79C93009DEEFA /* AppDelegate.swift in Sources */,
				E1383C012803787C009DEEFA /* Lines.swift in Sources */,
				E1383BF427F79F62009DEEFA /* LaceView.swift in Sources */,
				E1383C05280773AB009DEEFA /* UserDefaults.swift in Sources */,
				E1D51F40280B3C8F00995497 /* Launchable.swift in Sources */,
				E1383BFA27F9E304009DEEFA /* Grid.swift in Sources */,
				E1836095282C643100414F20 /* ThreadInfo.swift in Sources */,
				E135749128135102005D84D6 /* Dimensions.swift in Sources */,
				E183608F282A85FB00414F20 /* Calculator.swift in Sources */,
				E1383C092808DACC009DEEFA /* FilePicker.swift in Sources */,
				E1383BF827F8D8D4009DEEFA /* ViewBase.swift in Sources */,
				E1836093282C0E3200414F20 /* LaceKinds.swift in Sources */,
				E1383BFF27F9F34C009DEEFA /* Printable.swift in Sources */,
				E135749C281EE480005D84D6 /* Fonts.swift in Sources */,
				E13574A62826E38B005D84D6 /* CoreData.swift in Sources */,
				E1836098282ED3DF00414F20 /* Printers.swift in Sources */,
				E135749A281C92B0005D84D6 /* PathsView.swift in Sources */,
			);
			runOnlyForDeploymentPostprocessing = 0;
		};
/* End PBXSourcesBuildPhase section */

/* Begin PBXVariantGroup section */
		E1383BEA27F79C96009DEEFA /* MainMenu.xib */ = {
			isa = PBXVariantGroup;
			children = (
				E1383BEB27F79C96009DEEFA /* Base */,
			);
			name = MainMenu.xib;
			sourceTree = "<group>";
		};
/* End PBXVariantGroup section */

/* Begin XCBuildConfiguration section */
		E1383BEE27F79C96009DEEFA /* Debug */ = {
			isa = XCBuildConfiguration;
			buildSettings = {
				ALWAYS_SEARCH_USER_PATHS = NO;
				CLANG_ANALYZER_NONNULL = YES;
				CLANG_ANALYZER_NUMBER_OBJECT_CONVERSION = YES_AGGRESSIVE;
				CLANG_CXX_LANGUAGE_STANDARD = "gnu++17";
				CLANG_ENABLE_MODULES = YES;
				CLANG_ENABLE_OBJC_ARC = YES;
				CLANG_ENABLE_OBJC_WEAK = YES;
				CLANG_WARN_BLOCK_CAPTURE_AUTORELEASING = YES;
				CLANG_WARN_BOOL_CONVERSION = YES;
				CLANG_WARN_COMMA = YES;
				CLANG_WARN_CONSTANT_CONVERSION = YES;
				CLANG_WARN_DEPRECATED_OBJC_IMPLEMENTATIONS = YES;
				CLANG_WARN_DIRECT_OBJC_ISA_USAGE = YES_ERROR;
				CLANG_WARN_DOCUMENTATION_COMMENTS = YES;
				CLANG_WARN_EMPTY_BODY = YES;
				CLANG_WARN_ENUM_CONVERSION = YES;
				CLANG_WARN_INFINITE_RECURSION = YES;
				CLANG_WARN_INT_CONVERSION = YES;
				CLANG_WARN_NON_LITERAL_NULL_CONVERSION = YES;
				CLANG_WARN_OBJC_IMPLICIT_RETAIN_SELF = YES;
				CLANG_WARN_OBJC_LITERAL_CONVERSION = YES;
				CLANG_WARN_OBJC_ROOT_CLASS = YES_ERROR;
				CLANG_WARN_QUOTED_INCLUDE_IN_FRAMEWORK_HEADER = YES;
				CLANG_WARN_RANGE_LOOP_ANALYSIS = YES;
				CLANG_WARN_STRICT_PROTOTYPES = YES;
				CLANG_WARN_SUSPICIOUS_MOVE = YES;
				CLANG_WARN_UNGUARDED_AVAILABILITY = YES_AGGRESSIVE;
				CLANG_WARN_UNREACHABLE_CODE = YES;
				CLANG_WARN__DUPLICATE_METHOD_MATCH = YES;
				COPY_PHASE_STRIP = NO;
				DEBUG_INFORMATION_FORMAT = dwarf;
				ENABLE_STRICT_OBJC_MSGSEND = YES;
				ENABLE_TESTABILITY = YES;
				GCC_C_LANGUAGE_STANDARD = gnu11;
				GCC_DYNAMIC_NO_PIC = NO;
				GCC_NO_COMMON_BLOCKS = YES;
				GCC_OPTIMIZATION_LEVEL = 0;
				GCC_PREPROCESSOR_DEFINITIONS = (
					"DEBUG=1",
					"$(inherited)",
				);
				GCC_WARN_64_TO_32_BIT_CONVERSION = YES;
				GCC_WARN_ABOUT_RETURN_TYPE = YES_ERROR;
				GCC_WARN_UNDECLARED_SELECTOR = YES;
				GCC_WARN_UNINITIALIZED_AUTOS = YES_AGGRESSIVE;
				GCC_WARN_UNUSED_FUNCTION = YES;
				GCC_WARN_UNUSED_VARIABLE = YES;
				MACOSX_DEPLOYMENT_TARGET = 12.2;
				MTL_ENABLE_DEBUG_INFO = INCLUDE_SOURCE;
				MTL_FAST_MATH = YES;
				ONLY_ACTIVE_ARCH = YES;
				SDKROOT = macosx;
				SWIFT_ACTIVE_COMPILATION_CONDITIONS = DEBUG;
				SWIFT_OPTIMIZATION_LEVEL = "-Onone";
			};
			name = Debug;
		};
		E1383BEF27F79C96009DEEFA /* Release */ = {
			isa = XCBuildConfiguration;
			buildSettings = {
				ALWAYS_SEARCH_USER_PATHS = NO;
				CLANG_ANALYZER_NONNULL = YES;
				CLANG_ANALYZER_NUMBER_OBJECT_CONVERSION = YES_AGGRESSIVE;
				CLANG_CXX_LANGUAGE_STANDARD = "gnu++17";
				CLANG_ENABLE_MODULES = YES;
				CLANG_ENABLE_OBJC_ARC = YES;
				CLANG_ENABLE_OBJC_WEAK = YES;
				CLANG_WARN_BLOCK_CAPTURE_AUTORELEASING = YES;
				CLANG_WARN_BOOL_CONVERSION = YES;
				CLANG_WARN_COMMA = YES;
				CLANG_WARN_CONSTANT_CONVERSION = YES;
				CLANG_WARN_DEPRECATED_OBJC_IMPLEMENTATIONS = YES;
				CLANG_WARN_DIRECT_OBJC_ISA_USAGE = YES_ERROR;
				CLANG_WARN_DOCUMENTATION_COMMENTS = YES;
				CLANG_WARN_EMPTY_BODY = YES;
				CLANG_WARN_ENUM_CONVERSION = YES;
				CLANG_WARN_INFINITE_RECURSION = YES;
				CLANG_WARN_INT_CONVERSION = YES;
				CLANG_WARN_NON_LITERAL_NULL_CONVERSION = YES;
				CLANG_WARN_OBJC_IMPLICIT_RETAIN_SELF = YES;
				CLANG_WARN_OBJC_LITERAL_CONVERSION = YES;
				CLANG_WARN_OBJC_ROOT_CLASS = YES_ERROR;
				CLANG_WARN_QUOTED_INCLUDE_IN_FRAMEWORK_HEADER = YES;
				CLANG_WARN_RANGE_LOOP_ANALYSIS = YES;
				CLANG_WARN_STRICT_PROTOTYPES = YES;
				CLANG_WARN_SUSPICIOUS_MOVE = YES;
				CLANG_WARN_UNGUARDED_AVAILABILITY = YES_AGGRESSIVE;
				CLANG_WARN_UNREACHABLE_CODE = YES;
				CLANG_WARN__DUPLICATE_METHOD_MATCH = YES;
				COPY_PHASE_STRIP = NO;
				DEBUG_INFORMATION_FORMAT = "dwarf-with-dsym";
				ENABLE_NS_ASSERTIONS = NO;
				ENABLE_STRICT_OBJC_MSGSEND = YES;
				GCC_C_LANGUAGE_STANDARD = gnu11;
				GCC_NO_COMMON_BLOCKS = YES;
				GCC_WARN_64_TO_32_BIT_CONVERSION = YES;
				GCC_WARN_ABOUT_RETURN_TYPE = YES_ERROR;
				GCC_WARN_UNDECLARED_SELECTOR = YES;
				GCC_WARN_UNINITIALIZED_AUTOS = YES_AGGRESSIVE;
				GCC_WARN_UNUSED_FUNCTION = YES;
				GCC_WARN_UNUSED_VARIABLE = YES;
				MACOSX_DEPLOYMENT_TARGET = 12.2;
				MTL_ENABLE_DEBUG_INFO = NO;
				MTL_FAST_MATH = YES;
				SDKROOT = macosx;
				SWIFT_COMPILATION_MODE = wholemodule;
				SWIFT_OPTIMIZATION_LEVEL = "-O";
			};
			name = Release;
		};
		E1383BF127F79C96009DEEFA /* Debug */ = {
			isa = XCBuildConfiguration;
			buildSettings = {
				ASSETCATALOG_COMPILER_APPICON_NAME = AppIcon;
				ASSETCATALOG_COMPILER_GLOBAL_ACCENT_COLOR_NAME = AccentColor;
				CODE_SIGN_ENTITLEMENTS = lace/lace.entitlements;
				CODE_SIGN_STYLE = Automatic;
				COMBINE_HIDPI_IMAGES = YES;
				CURRENT_PROJECT_VERSION = 1;
				DEVELOPMENT_TEAM = XLKATCU397;
				ENABLE_HARDENED_RUNTIME = YES;
				GENERATE_INFOPLIST_FILE = YES;
				INFOPLIST_KEY_NSHumanReadableCopyright = "";
				INFOPLIST_KEY_NSMainNibFile = MainMenu;
				INFOPLIST_KEY_NSPrincipalClass = NSApplication;
				LD_RUNPATH_SEARCH_PATHS = (
					"$(inherited)",
					"@executable_path/../Frameworks",
				);
				MARKETING_VERSION = 1.0;
				PRODUCT_BUNDLE_IDENTIFIER = org.porternet.lace.lace;
				PRODUCT_NAME = "$(TARGET_NAME)";
				SWIFT_EMIT_LOC_STRINGS = YES;
				SWIFT_VERSION = 5.0;
			};
			name = Debug;
		};
		E1383BF227F79C96009DEEFA /* Release */ = {
			isa = XCBuildConfiguration;
			buildSettings = {
				ASSETCATALOG_COMPILER_APPICON_NAME = AppIcon;
				ASSETCATALOG_COMPILER_GLOBAL_ACCENT_COLOR_NAME = AccentColor;
				CODE_SIGN_ENTITLEMENTS = lace/lace.entitlements;
				CODE_SIGN_STYLE = Automatic;
				COMBINE_HIDPI_IMAGES = YES;
				CURRENT_PROJECT_VERSION = 1;
				DEVELOPMENT_TEAM = XLKATCU397;
				ENABLE_HARDENED_RUNTIME = YES;
				GENERATE_INFOPLIST_FILE = YES;
				INFOPLIST_KEY_NSHumanReadableCopyright = "";
				INFOPLIST_KEY_NSMainNibFile = MainMenu;
				INFOPLIST_KEY_NSPrincipalClass = NSApplication;
				LD_RUNPATH_SEARCH_PATHS = (
					"$(inherited)",
					"@executable_path/../Frameworks",
				);
				MARKETING_VERSION = 1.0;
				PRODUCT_BUNDLE_IDENTIFIER = org.porternet.lace.lace;
				PRODUCT_NAME = "$(TARGET_NAME)";
				SWIFT_EMIT_LOC_STRINGS = YES;
				SWIFT_VERSION = 5.0;
			};
			name = Release;
		};
/* End XCBuildConfiguration section */

/* Begin XCConfigurationList section */
		E1383BDE27F79C93009DEEFA /* Build configuration list for PBXProject "lace" */ = {
			isa = XCConfigurationList;
			buildConfigurations = (
				E1383BEE27F79C96009DEEFA /* Debug */,
				E1383BEF27F79C96009DEEFA /* Release */,
			);
			defaultConfigurationIsVisible = 0;
			defaultConfigurationName = Release;
		};
		E1383BF027F79C96009DEEFA /* Build configuration list for PBXNativeTarget "lace" */ = {
			isa = XCConfigurationList;
			buildConfigurations = (
				E1383BF127F79C96009DEEFA /* Debug */,
				E1383BF227F79C96009DEEFA /* Release */,
			);
			defaultConfigurationIsVisible = 0;
			defaultConfigurationName = Release;
		};
/* End XCConfigurationList section */
	};
	rootObject = E1383BDB27F79C93009DEEFA /* Project object */;
}
